// !$*UTF8*$!
{
	archiveVersion = 1;
	classes = {
	};
	objectVersion = 46;
	objects = {

/* Begin PBXBuildFile section */
		620781DE7336F4A748F2B17B /* Pods_NewtManager.framework in Frameworks */ = {isa = PBXBuildFile; fileRef = 22A1C0FEAE5AF77CC589BD13 /* Pods_NewtManager.framework */; };
		A946D0D91DB31E0400D731B2 /* firmware in Resources */ = {isa = PBXBuildFile; fileRef = A946D0D81DB31E0400D731B2 /* firmware */; };
		A94A906A1DF64CF90030398F /* AutoRefresh.swift in Sources */ = {isa = PBXBuildFile; fileRef = A94A90691DF64CF90030398F /* AutoRefresh.swift */; };
		A94A907F1DF6FE6C0030398F /* ImageSlotTableViewCell.swift in Sources */ = {isa = PBXBuildFile; fileRef = A94A90721DF6FE6C0030398F /* ImageSlotTableViewCell.swift */; };
		A94A90801DF6FE6C0030398F /* ImagesViewController.swift in Sources */ = {isa = PBXBuildFile; fileRef = A94A90731DF6FE6C0030398F /* ImagesViewController.swift */; };
		A94A90811DF6FE6C0030398F /* UploadProgressViewController.swift in Sources */ = {isa = PBXBuildFile; fileRef = A94A90741DF6FE6C0030398F /* UploadProgressViewController.swift */; };
		A94A90821DF6FE6C0030398F /* StatsDetailViewController.swift in Sources */ = {isa = PBXBuildFile; fileRef = A94A90761DF6FE6C0030398F /* StatsDetailViewController.swift */; };
		A94A90831DF6FE6C0030398F /* StatsViewController.swift in Sources */ = {isa = PBXBuildFile; fileRef = A94A90771DF6FE6C0030398F /* StatsViewController.swift */; };
		A94A90841DF6FE6C0030398F /* RuntimeChartView.swift in Sources */ = {isa = PBXBuildFile; fileRef = A94A90791DF6FE6C0030398F /* RuntimeChartView.swift */; };
		A94A90851DF6FE6C0030398F /* StackUsageChartView.swift in Sources */ = {isa = PBXBuildFile; fileRef = A94A907A1DF6FE6C0030398F /* StackUsageChartView.swift */; };
		A94A90861DF6FE6C0030398F /* TasksChartViewController.swift in Sources */ = {isa = PBXBuildFile; fileRef = A94A907B1DF6FE6C0030398F /* TasksChartViewController.swift */; };
		A94A90871DF6FE6C0030398F /* TasksTableViewCell.swift in Sources */ = {isa = PBXBuildFile; fileRef = A94A907C1DF6FE6C0030398F /* TasksTableViewCell.swift */; };
		A94A90881DF6FE6C0030398F /* TasksViewController.swift in Sources */ = {isa = PBXBuildFile; fileRef = A94A907D1DF6FE6C0030398F /* TasksViewController.swift */; };
		A94A90891DF6FE6C0030398F /* TaskViewController.swift in Sources */ = {isa = PBXBuildFile; fileRef = A94A907E1DF6FE6C0030398F /* TaskViewController.swift */; };
		A94A908B1DF710020030398F /* Preferences.swift in Sources */ = {isa = PBXBuildFile; fileRef = A94A908A1DF710020030398F /* Preferences.swift */; };
		A94A908D1DF7111E0030398F /* DefaultPreferences.plist in Resources */ = {isa = PBXBuildFile; fileRef = A94A908C1DF7111E0030398F /* DefaultPreferences.plist */; };
		A94A90911DF7132F0030398F /* PeripheralList.swift in Sources */ = {isa = PBXBuildFile; fileRef = A94A908F1DF7132F0030398F /* PeripheralList.swift */; };
		A94A90921DF7132F0030398F /* ScannerViewController.swift in Sources */ = {isa = PBXBuildFile; fileRef = A94A90901DF7132F0030398F /* ScannerViewController.swift */; };
		A94A90961DF71BEA0030398F /* StyledButton.swift in Sources */ = {isa = PBXBuildFile; fileRef = A94A90941DF71BEA0030398F /* StyledButton.swift */; };
		A94A90971DF71BEA0030398F /* StyledSubview.swift in Sources */ = {isa = PBXBuildFile; fileRef = A94A90951DF71BEA0030398F /* StyledSubview.swift */; };
		A94A90991DF71D3C0030398F /* PeripheralTableViewCell.swift in Sources */ = {isa = PBXBuildFile; fileRef = A94A90981DF71D3C0030398F /* PeripheralTableViewCell.swift */; };
		A94F256A1DF0448D00F46930 /* CBOR.swift in Sources */ = {isa = PBXBuildFile; fileRef = A94F25661DF0448D00F46930 /* CBOR.swift */; };
		A94F256B1DF0448D00F46930 /* CBORDecoder.swift in Sources */ = {isa = PBXBuildFile; fileRef = A94F25671DF0448D00F46930 /* CBORDecoder.swift */; };
		A94F256C1DF0448D00F46930 /* CBORInputStream.swift in Sources */ = {isa = PBXBuildFile; fileRef = A94F25681DF0448D00F46930 /* CBORInputStream.swift */; };
		A94F256D1DF0448D00F46930 /* Util.swift in Sources */ = {isa = PBXBuildFile; fileRef = A94F25691DF0448D00F46930 /* Util.swift */; };
		A94F25701DF0452700F46930 /* CBOREncoder.swift in Sources */ = {isa = PBXBuildFile; fileRef = A94F256F1DF0452700F46930 /* CBOREncoder.swift */; };
		A94F25901DF1A26C00F46930 /* NewtHandler.swift in Sources */ = {isa = PBXBuildFile; fileRef = A94F258F1DF1A26C00F46930 /* NewtHandler.swift */; };
		A950EB021DB00351005FC305 /* AppDelegate.swift in Sources */ = {isa = PBXBuildFile; fileRef = A950EB011DB00351005FC305 /* AppDelegate.swift */; };
		A950EB071DB00351005FC305 /* Main.storyboard in Resources */ = {isa = PBXBuildFile; fileRef = A950EB051DB00351005FC305 /* Main.storyboard */; };
		A950EB091DB00351005FC305 /* Assets.xcassets in Resources */ = {isa = PBXBuildFile; fileRef = A950EB081DB00351005FC305 /* Assets.xcassets */; };
		A950EB0C1DB00351005FC305 /* LaunchScreen.storyboard in Resources */ = {isa = PBXBuildFile; fileRef = A950EB0A1DB00351005FC305 /* LaunchScreen.storyboard */; };
		A950EB201DB04C6F005FC305 /* MainNavigationViewController.swift in Sources */ = {isa = PBXBuildFile; fileRef = A950EB1F1DB04C6F005FC305 /* MainNavigationViewController.swift */; };
		A95CE57B1DB68252008C234E /* CommandsViewController.swift in Sources */ = {isa = PBXBuildFile; fileRef = A95CE57A1DB68252008C234E /* CommandsViewController.swift */; };
		A98101151E40F5AB0072B50D /* BleManager.swift in Sources */ = {isa = PBXBuildFile; fileRef = A981010E1E40F5AB0072B50D /* BleManager.swift */; };
		A98101161E40F5AB0072B50D /* BlePeripheral+Newt.swift in Sources */ = {isa = PBXBuildFile; fileRef = A981010F1E40F5AB0072B50D /* BlePeripheral+Newt.swift */; };
		A98101171E40F5AB0072B50D /* BlePeripheral+Uart.swift in Sources */ = {isa = PBXBuildFile; fileRef = A98101101E40F5AB0072B50D /* BlePeripheral+Uart.swift */; };
		A98101181E40F5AB0072B50D /* BlePeripheral.swift in Sources */ = {isa = PBXBuildFile; fileRef = A98101111E40F5AB0072B50D /* BlePeripheral.swift */; };
		A98101191E40F5AB0072B50D /* Sensor.swift in Sources */ = {isa = PBXBuildFile; fileRef = A98101121E40F5AB0072B50D /* Sensor.swift */; };
		A981011A1E40F5AB0072B50D /* UartLogManager.swift in Sources */ = {isa = PBXBuildFile; fileRef = A98101131E40F5AB0072B50D /* UartLogManager.swift */; };
		A981011B1E40F5AB0072B50D /* UartManager.swift in Sources */ = {isa = PBXBuildFile; fileRef = A98101141E40F5AB0072B50D /* UartManager.swift */; };
		A98101221E40F5E30072B50D /* AlertUtils.swift in Sources */ = {isa = PBXBuildFile; fileRef = A981011D1E40F5E30072B50D /* AlertUtils.swift */; };
		A98101231E40F5E30072B50D /* CommandQueue.swift in Sources */ = {isa = PBXBuildFile; fileRef = A981011E1E40F5E30072B50D /* CommandQueue.swift */; };
		A98101241E40F5E30072B50D /* Data+ScanValue.swift in Sources */ = {isa = PBXBuildFile; fileRef = A981011F1E40F5E30072B50D /* Data+ScanValue.swift */; };
		A98101251E40F5E30072B50D /* DataConversions.swift in Sources */ = {isa = PBXBuildFile; fileRef = A98101201E40F5E30072B50D /* DataConversions.swift */; };
		A98101261E40F5E30072B50D /* LogHelper.swift in Sources */ = {isa = PBXBuildFile; fileRef = A98101211E40F5E30072B50D /* LogHelper.swift */; };
		A987B8311DF722510013840F /* RssiUI.swift in Sources */ = {isa = PBXBuildFile; fileRef = A987B8301DF722510013840F /* RssiUI.swift */; };
		A987B8331DF726000013840F /* FilterTextSettingsViewController.swift in Sources */ = {isa = PBXBuildFile; fileRef = A987B8321DF726000013840F /* FilterTextSettingsViewController.swift */; };
		A99171321DF5EE6F00CB8C5D /* UIColor+LighterDarker.swift in Sources */ = {isa = PBXBuildFile; fileRef = A99171311DF5EE6F00CB8C5D /* UIColor+LighterDarker.swift */; };
		A9E707A51DF335E500E1B1D8 /* NewtHandler+Types.swift in Sources */ = {isa = PBXBuildFile; fileRef = A9E707A41DF335E500E1B1D8 /* NewtHandler+Types.swift */; };
		A9FACDA91DB2AE0F00061E70 /* DeviceTabBarViewController.swift in Sources */ = {isa = PBXBuildFile; fileRef = A9FACDA81DB2AE0F00061E70 /* DeviceTabBarViewController.swift */; };
		A9FACDAB1DB2AE3000061E70 /* NewtViewController.swift in Sources */ = {isa = PBXBuildFile; fileRef = A9FACDAA1DB2AE3000061E70 /* NewtViewController.swift */; };
/* End PBXBuildFile section */

/* Begin PBXFileReference section */
		22A1C0FEAE5AF77CC589BD13 /* Pods_NewtManager.framework */ = {isa = PBXFileReference; explicitFileType = wrapper.framework; includeInIndex = 0; path = Pods_NewtManager.framework; sourceTree = BUILT_PRODUCTS_DIR; };
		248D6317AE0B051C55E9F7D9 /* Pods-NewtManager.release.xcconfig */ = {isa = PBXFileReference; includeInIndex = 1; lastKnownFileType = text.xcconfig; name = "Pods-NewtManager.release.xcconfig"; path = "Pods/Target Support Files/Pods-NewtManager/Pods-NewtManager.release.xcconfig"; sourceTree = "<group>"; };
		2F6D5EE2A6A578F5257A3873 /* Pods-NewtManager.debug.xcconfig */ = {isa = PBXFileReference; includeInIndex = 1; lastKnownFileType = text.xcconfig; name = "Pods-NewtManager.debug.xcconfig"; path = "Pods/Target Support Files/Pods-NewtManager/Pods-NewtManager.debug.xcconfig"; sourceTree = "<group>"; };
		A946D0D81DB31E0400D731B2 /* firmware */ = {isa = PBXFileReference; lastKnownFileType = folder; path = firmware; sourceTree = "<group>"; };
		A94A90691DF64CF90030398F /* AutoRefresh.swift */ = {isa = PBXFileReference; fileEncoding = 4; lastKnownFileType = sourcecode.swift; path = AutoRefresh.swift; sourceTree = "<group>"; };
		A94A90721DF6FE6C0030398F /* ImageSlotTableViewCell.swift */ = {isa = PBXFileReference; fileEncoding = 4; lastKnownFileType = sourcecode.swift; path = ImageSlotTableViewCell.swift; sourceTree = "<group>"; };
		A94A90731DF6FE6C0030398F /* ImagesViewController.swift */ = {isa = PBXFileReference; fileEncoding = 4; lastKnownFileType = sourcecode.swift; path = ImagesViewController.swift; sourceTree = "<group>"; };
		A94A90741DF6FE6C0030398F /* UploadProgressViewController.swift */ = {isa = PBXFileReference; fileEncoding = 4; lastKnownFileType = sourcecode.swift; path = UploadProgressViewController.swift; sourceTree = "<group>"; };
		A94A90761DF6FE6C0030398F /* StatsDetailViewController.swift */ = {isa = PBXFileReference; fileEncoding = 4; lastKnownFileType = sourcecode.swift; path = StatsDetailViewController.swift; sourceTree = "<group>"; };
		A94A90771DF6FE6C0030398F /* StatsViewController.swift */ = {isa = PBXFileReference; fileEncoding = 4; lastKnownFileType = sourcecode.swift; path = StatsViewController.swift; sourceTree = "<group>"; };
		A94A90791DF6FE6C0030398F /* RuntimeChartView.swift */ = {isa = PBXFileReference; fileEncoding = 4; lastKnownFileType = sourcecode.swift; path = RuntimeChartView.swift; sourceTree = "<group>"; };
		A94A907A1DF6FE6C0030398F /* StackUsageChartView.swift */ = {isa = PBXFileReference; fileEncoding = 4; lastKnownFileType = sourcecode.swift; path = StackUsageChartView.swift; sourceTree = "<group>"; };
		A94A907B1DF6FE6C0030398F /* TasksChartViewController.swift */ = {isa = PBXFileReference; fileEncoding = 4; lastKnownFileType = sourcecode.swift; path = TasksChartViewController.swift; sourceTree = "<group>"; };
		A94A907C1DF6FE6C0030398F /* TasksTableViewCell.swift */ = {isa = PBXFileReference; fileEncoding = 4; lastKnownFileType = sourcecode.swift; path = TasksTableViewCell.swift; sourceTree = "<group>"; };
		A94A907D1DF6FE6C0030398F /* TasksViewController.swift */ = {isa = PBXFileReference; fileEncoding = 4; lastKnownFileType = sourcecode.swift; path = TasksViewController.swift; sourceTree = "<group>"; };
		A94A907E1DF6FE6C0030398F /* TaskViewController.swift */ = {isa = PBXFileReference; fileEncoding = 4; lastKnownFileType = sourcecode.swift; path = TaskViewController.swift; sourceTree = "<group>"; };
		A94A908A1DF710020030398F /* Preferences.swift */ = {isa = PBXFileReference; fileEncoding = 4; lastKnownFileType = sourcecode.swift; path = Preferences.swift; sourceTree = "<group>"; };
		A94A908C1DF7111E0030398F /* DefaultPreferences.plist */ = {isa = PBXFileReference; fileEncoding = 4; lastKnownFileType = text.plist.xml; path = DefaultPreferences.plist; sourceTree = "<group>"; };
		A94A908F1DF7132F0030398F /* PeripheralList.swift */ = {isa = PBXFileReference; fileEncoding = 4; lastKnownFileType = sourcecode.swift; path = PeripheralList.swift; sourceTree = "<group>"; };
		A94A90901DF7132F0030398F /* ScannerViewController.swift */ = {isa = PBXFileReference; fileEncoding = 4; lastKnownFileType = sourcecode.swift; path = ScannerViewController.swift; sourceTree = "<group>"; };
		A94A90941DF71BEA0030398F /* StyledButton.swift */ = {isa = PBXFileReference; fileEncoding = 4; lastKnownFileType = sourcecode.swift; path = StyledButton.swift; sourceTree = "<group>"; };
		A94A90951DF71BEA0030398F /* StyledSubview.swift */ = {isa = PBXFileReference; fileEncoding = 4; lastKnownFileType = sourcecode.swift; path = StyledSubview.swift; sourceTree = "<group>"; };
		A94A90981DF71D3C0030398F /* PeripheralTableViewCell.swift */ = {isa = PBXFileReference; fileEncoding = 4; lastKnownFileType = sourcecode.swift; path = PeripheralTableViewCell.swift; sourceTree = "<group>"; };
		A94F25661DF0448D00F46930 /* CBOR.swift */ = {isa = PBXFileReference; fileEncoding = 4; lastKnownFileType = sourcecode.swift; path = CBOR.swift; sourceTree = "<group>"; };
		A94F25671DF0448D00F46930 /* CBORDecoder.swift */ = {isa = PBXFileReference; fileEncoding = 4; lastKnownFileType = sourcecode.swift; path = CBORDecoder.swift; sourceTree = "<group>"; };
		A94F25681DF0448D00F46930 /* CBORInputStream.swift */ = {isa = PBXFileReference; fileEncoding = 4; lastKnownFileType = sourcecode.swift; path = CBORInputStream.swift; sourceTree = "<group>"; };
		A94F25691DF0448D00F46930 /* Util.swift */ = {isa = PBXFileReference; fileEncoding = 4; lastKnownFileType = sourcecode.swift; path = Util.swift; sourceTree = "<group>"; };
		A94F256E1DF044B700F46930 /* SwiftCBOR.h */ = {isa = PBXFileReference; lastKnownFileType = sourcecode.c.h; path = SwiftCBOR.h; sourceTree = "<group>"; };
		A94F256F1DF0452700F46930 /* CBOREncoder.swift */ = {isa = PBXFileReference; fileEncoding = 4; lastKnownFileType = sourcecode.swift; path = CBOREncoder.swift; sourceTree = "<group>"; };
		A94F258F1DF1A26C00F46930 /* NewtHandler.swift */ = {isa = PBXFileReference; fileEncoding = 4; lastKnownFileType = sourcecode.swift; path = NewtHandler.swift; sourceTree = "<group>"; };
		A950EAFE1DB00351005FC305 /* NewtManager.app */ = {isa = PBXFileReference; explicitFileType = wrapper.application; includeInIndex = 0; path = NewtManager.app; sourceTree = BUILT_PRODUCTS_DIR; };
		A950EB011DB00351005FC305 /* AppDelegate.swift */ = {isa = PBXFileReference; lastKnownFileType = sourcecode.swift; path = AppDelegate.swift; sourceTree = "<group>"; };
		A950EB061DB00351005FC305 /* Base */ = {isa = PBXFileReference; lastKnownFileType = file.storyboard; name = Base; path = Base.lproj/Main.storyboard; sourceTree = "<group>"; };
		A950EB081DB00351005FC305 /* Assets.xcassets */ = {isa = PBXFileReference; lastKnownFileType = folder.assetcatalog; path = Assets.xcassets; sourceTree = "<group>"; };
		A950EB0B1DB00351005FC305 /* Base */ = {isa = PBXFileReference; lastKnownFileType = file.storyboard; name = Base; path = Base.lproj/LaunchScreen.storyboard; sourceTree = "<group>"; };
		A950EB0D1DB00351005FC305 /* Info.plist */ = {isa = PBXFileReference; lastKnownFileType = text.plist.xml; path = Info.plist; sourceTree = "<group>"; };
		A950EB1F1DB04C6F005FC305 /* MainNavigationViewController.swift */ = {isa = PBXFileReference; fileEncoding = 4; lastKnownFileType = sourcecode.swift; path = MainNavigationViewController.swift; sourceTree = "<group>"; };
		A95CE57A1DB68252008C234E /* CommandsViewController.swift */ = {isa = PBXFileReference; fileEncoding = 4; lastKnownFileType = sourcecode.swift; path = CommandsViewController.swift; sourceTree = "<group>"; };
		A95CE57E1DB6BB48008C234E /* NewtManager.entitlements */ = {isa = PBXFileReference; lastKnownFileType = text.plist.entitlements; path = NewtManager.entitlements; sourceTree = "<group>"; };
		A981010E1E40F5AB0072B50D /* BleManager.swift */ = {isa = PBXFileReference; fileEncoding = 4; lastKnownFileType = sourcecode.swift; path = BleManager.swift; sourceTree = "<group>"; };
		A981010F1E40F5AB0072B50D /* BlePeripheral+Newt.swift */ = {isa = PBXFileReference; fileEncoding = 4; lastKnownFileType = sourcecode.swift; path = "BlePeripheral+Newt.swift"; sourceTree = "<group>"; };
		A98101101E40F5AB0072B50D /* BlePeripheral+Uart.swift */ = {isa = PBXFileReference; fileEncoding = 4; lastKnownFileType = sourcecode.swift; path = "BlePeripheral+Uart.swift"; sourceTree = "<group>"; };
		A98101111E40F5AB0072B50D /* BlePeripheral.swift */ = {isa = PBXFileReference; fileEncoding = 4; lastKnownFileType = sourcecode.swift; path = BlePeripheral.swift; sourceTree = "<group>"; };
		A98101121E40F5AB0072B50D /* Sensor.swift */ = {isa = PBXFileReference; fileEncoding = 4; lastKnownFileType = sourcecode.swift; path = Sensor.swift; sourceTree = "<group>"; };
		A98101131E40F5AB0072B50D /* UartLogManager.swift */ = {isa = PBXFileReference; fileEncoding = 4; lastKnownFileType = sourcecode.swift; path = UartLogManager.swift; sourceTree = "<group>"; };
		A98101141E40F5AB0072B50D /* UartManager.swift */ = {isa = PBXFileReference; fileEncoding = 4; lastKnownFileType = sourcecode.swift; path = UartManager.swift; sourceTree = "<group>"; };
		A981011D1E40F5E30072B50D /* AlertUtils.swift */ = {isa = PBXFileReference; fileEncoding = 4; lastKnownFileType = sourcecode.swift; path = AlertUtils.swift; sourceTree = "<group>"; };
		A981011E1E40F5E30072B50D /* CommandQueue.swift */ = {isa = PBXFileReference; fileEncoding = 4; lastKnownFileType = sourcecode.swift; path = CommandQueue.swift; sourceTree = "<group>"; };
		A981011F1E40F5E30072B50D /* Data+ScanValue.swift */ = {isa = PBXFileReference; fileEncoding = 4; lastKnownFileType = sourcecode.swift; path = "Data+ScanValue.swift"; sourceTree = "<group>"; };
		A98101201E40F5E30072B50D /* DataConversions.swift */ = {isa = PBXFileReference; fileEncoding = 4; lastKnownFileType = sourcecode.swift; path = DataConversions.swift; sourceTree = "<group>"; };
		A98101211E40F5E30072B50D /* LogHelper.swift */ = {isa = PBXFileReference; fileEncoding = 4; lastKnownFileType = sourcecode.swift; path = LogHelper.swift; sourceTree = "<group>"; };
		A987B8301DF722510013840F /* RssiUI.swift */ = {isa = PBXFileReference; fileEncoding = 4; lastKnownFileType = sourcecode.swift; path = RssiUI.swift; sourceTree = "<group>"; };
		A987B8321DF726000013840F /* FilterTextSettingsViewController.swift */ = {isa = PBXFileReference; fileEncoding = 4; lastKnownFileType = sourcecode.swift; path = FilterTextSettingsViewController.swift; sourceTree = "<group>"; };
		A98F88FC1DEB4FDC00DD8800 /* NewtManager-Bridging-Header.h */ = {isa = PBXFileReference; lastKnownFileType = sourcecode.c.h; path = "NewtManager-Bridging-Header.h"; sourceTree = "<group>"; };
		A99171311DF5EE6F00CB8C5D /* UIColor+LighterDarker.swift */ = {isa = PBXFileReference; fileEncoding = 4; lastKnownFileType = sourcecode.swift; path = "UIColor+LighterDarker.swift"; sourceTree = "<group>"; };
		A9A5EC551DB1253700566005 /* Synchronize.swift */ = {isa = PBXFileReference; fileEncoding = 4; lastKnownFileType = sourcecode.swift; path = Synchronize.swift; sourceTree = "<group>"; };
		A9E707A41DF335E500E1B1D8 /* NewtHandler+Types.swift */ = {isa = PBXFileReference; fileEncoding = 4; lastKnownFileType = sourcecode.swift; path = "NewtHandler+Types.swift"; sourceTree = "<group>"; };
		A9FACDA81DB2AE0F00061E70 /* DeviceTabBarViewController.swift */ = {isa = PBXFileReference; fileEncoding = 4; lastKnownFileType = sourcecode.swift; path = DeviceTabBarViewController.swift; sourceTree = "<group>"; };
		A9FACDAA1DB2AE3000061E70 /* NewtViewController.swift */ = {isa = PBXFileReference; fileEncoding = 4; lastKnownFileType = sourcecode.swift; path = NewtViewController.swift; sourceTree = "<group>"; };
/* End PBXFileReference section */

/* Begin PBXFrameworksBuildPhase section */
		A950EAFB1DB00350005FC305 /* Frameworks */ = {
			isa = PBXFrameworksBuildPhase;
			buildActionMask = 2147483647;
			files = (
				620781DE7336F4A748F2B17B /* Pods_NewtManager.framework in Frameworks */,
			);
			runOnlyForDeploymentPostprocessing = 0;
		};
/* End PBXFrameworksBuildPhase section */

/* Begin PBXGroup section */
		A946D0D21DB31DFB00D731B2 /* resources */ = {
			isa = PBXGroup;
			children = (
				A94A908C1DF7111E0030398F /* DefaultPreferences.plist */,
				A946D0D81DB31E0400D731B2 /* firmware */,
			);
			path = resources;
			sourceTree = "<group>";
		};
		A94A90711DF6FE6C0030398F /* images */ = {
			isa = PBXGroup;
			children = (
				A94A90731DF6FE6C0030398F /* ImagesViewController.swift */,
				A94A90721DF6FE6C0030398F /* ImageSlotTableViewCell.swift */,
				A94A90741DF6FE6C0030398F /* UploadProgressViewController.swift */,
			);
			path = images;
			sourceTree = "<group>";
		};
		A94A90751DF6FE6C0030398F /* stats */ = {
			isa = PBXGroup;
			children = (
				A94A90761DF6FE6C0030398F /* StatsDetailViewController.swift */,
				A94A90771DF6FE6C0030398F /* StatsViewController.swift */,
			);
			path = stats;
			sourceTree = "<group>";
		};
		A94A90781DF6FE6C0030398F /* tasks */ = {
			isa = PBXGroup;
			children = (
				A94A907D1DF6FE6C0030398F /* TasksViewController.swift */,
				A94A907C1DF6FE6C0030398F /* TasksTableViewCell.swift */,
				A94A907B1DF6FE6C0030398F /* TasksChartViewController.swift */,
				A94A907A1DF6FE6C0030398F /* StackUsageChartView.swift */,
				A94A90791DF6FE6C0030398F /* RuntimeChartView.swift */,
				A94A907E1DF6FE6C0030398F /* TaskViewController.swift */,
			);
			path = tasks;
			sourceTree = "<group>";
		};
		A94A908E1DF7132F0030398F /* scanner */ = {
			isa = PBXGroup;
			children = (
				A94A90901DF7132F0030398F /* ScannerViewController.swift */,
				A94A908F1DF7132F0030398F /* PeripheralList.swift */,
				A94A90981DF71D3C0030398F /* PeripheralTableViewCell.swift */,
				A987B8321DF726000013840F /* FilterTextSettingsViewController.swift */,
			);
			path = scanner;
			sourceTree = "<group>";
		};
		A94A90931DF71BEA0030398F /* style */ = {
			isa = PBXGroup;
			children = (
				A94A90941DF71BEA0030398F /* StyledButton.swift */,
				A94A90951DF71BEA0030398F /* StyledSubview.swift */,
				A987B8301DF722510013840F /* RssiUI.swift */,
			);
			path = style;
			sourceTree = "<group>";
		};
		A94F25651DF0448D00F46930 /* CBOR */ = {
			isa = PBXGroup;
			children = (
				A94F256E1DF044B700F46930 /* SwiftCBOR.h */,
				A94F25661DF0448D00F46930 /* CBOR.swift */,
				A94F25671DF0448D00F46930 /* CBORDecoder.swift */,
				A94F256F1DF0452700F46930 /* CBOREncoder.swift */,
				A94F25681DF0448D00F46930 /* CBORInputStream.swift */,
				A94F25691DF0448D00F46930 /* Util.swift */,
			);
			path = CBOR;
			sourceTree = "<group>";
		};
		A94F25711DF0936500F46930 /* AdafruitKit */ = {
			isa = PBXGroup;
			children = (
				A981010D1E40F5AB0072B50D /* Ble */,
				A981011C1E40F5E30072B50D /* Utils */,
				A94F258C1DF1A0B000F46930 /* MyNewt */,
			);
			path = AdafruitKit;
			sourceTree = "<group>";
		};
		A94F258C1DF1A0B000F46930 /* MyNewt */ = {
			isa = PBXGroup;
			children = (
				A94F258F1DF1A26C00F46930 /* NewtHandler.swift */,
				A9E707A41DF335E500E1B1D8 /* NewtHandler+Types.swift */,
			);
			path = MyNewt;
			sourceTree = "<group>";
		};
		A950EAF51DB00350005FC305 = {
			isa = PBXGroup;
			children = (
				A950EB001DB00351005FC305 /* NewtManager */,
				A950EAFF1DB00351005FC305 /* Products */,
				ADB974C6F23A53247635E87F /* Pods */,
				EAEB288223EC5EFC6AA7B752 /* Frameworks */,
			);
			sourceTree = "<group>";
		};
		A950EAFF1DB00351005FC305 /* Products */ = {
			isa = PBXGroup;
			children = (
				A950EAFE1DB00351005FC305 /* NewtManager.app */,
			);
			name = Products;
			sourceTree = "<group>";
		};
		A950EB001DB00351005FC305 /* NewtManager */ = {
			isa = PBXGroup;
			children = (
				A95CE57E1DB6BB48008C234E /* NewtManager.entitlements */,
				A950EB011DB00351005FC305 /* AppDelegate.swift */,
				A950EB081DB00351005FC305 /* Assets.xcassets */,
				A950EB0A1DB00351005FC305 /* LaunchScreen.storyboard */,
				A950EB051DB00351005FC305 /* Main.storyboard */,
				A950EB0D1DB00351005FC305 /* Info.plist */,
				A98F88FC1DEB4FDC00DD8800 /* NewtManager-Bridging-Header.h */,
				A946D0D21DB31DFB00D731B2 /* resources */,
				A950EB151DB006A5005FC305 /* viewcontrollers */,
				A950EB131DB006A5005FC305 /* utils */,
				A94F25711DF0936500F46930 /* AdafruitKit */,
			);
			path = NewtManager;
			sourceTree = "<group>";
		};
		A950EB131DB006A5005FC305 /* utils */ = {
			isa = PBXGroup;
			children = (
				A94A90691DF64CF90030398F /* AutoRefresh.swift */,
				A9A5EC551DB1253700566005 /* Synchronize.swift */,
				A99171311DF5EE6F00CB8C5D /* UIColor+LighterDarker.swift */,
				A94A908A1DF710020030398F /* Preferences.swift */,
				A94F25651DF0448D00F46930 /* CBOR */,
			);
			path = utils;
			sourceTree = "<group>";
		};
		A950EB151DB006A5005FC305 /* viewcontrollers */ = {
			isa = PBXGroup;
			children = (
				A950EB1F1DB04C6F005FC305 /* MainNavigationViewController.swift */,
				A9FACDA81DB2AE0F00061E70 /* DeviceTabBarViewController.swift */,
				A9FACDAA1DB2AE3000061E70 /* NewtViewController.swift */,
				A95CE57A1DB68252008C234E /* CommandsViewController.swift */,
				A94A90931DF71BEA0030398F /* style */,
				A94A908E1DF7132F0030398F /* scanner */,
				A94A90781DF6FE6C0030398F /* tasks */,
				A94A90711DF6FE6C0030398F /* images */,
				A94A90751DF6FE6C0030398F /* stats */,
			);
			path = viewcontrollers;
			sourceTree = "<group>";
		};
		A981010D1E40F5AB0072B50D /* Ble */ = {
			isa = PBXGroup;
			children = (
				A981010E1E40F5AB0072B50D /* BleManager.swift */,
				A981010F1E40F5AB0072B50D /* BlePeripheral+Newt.swift */,
				A98101101E40F5AB0072B50D /* BlePeripheral+Uart.swift */,
				A98101111E40F5AB0072B50D /* BlePeripheral.swift */,
				A98101121E40F5AB0072B50D /* Sensor.swift */,
				A98101131E40F5AB0072B50D /* UartLogManager.swift */,
				A98101141E40F5AB0072B50D /* UartManager.swift */,
			);
			path = Ble;
			sourceTree = "<group>";
		};
		A981011C1E40F5E30072B50D /* Utils */ = {
			isa = PBXGroup;
			children = (
				A981011D1E40F5E30072B50D /* AlertUtils.swift */,
				A981011E1E40F5E30072B50D /* CommandQueue.swift */,
				A981011F1E40F5E30072B50D /* Data+ScanValue.swift */,
				A98101201E40F5E30072B50D /* DataConversions.swift */,
				A98101211E40F5E30072B50D /* LogHelper.swift */,
			);
			path = Utils;
			sourceTree = "<group>";
		};
		ADB974C6F23A53247635E87F /* Pods */ = {
			isa = PBXGroup;
			children = (
				2F6D5EE2A6A578F5257A3873 /* Pods-NewtManager.debug.xcconfig */,
				248D6317AE0B051C55E9F7D9 /* Pods-NewtManager.release.xcconfig */,
			);
			name = Pods;
			sourceTree = "<group>";
		};
		EAEB288223EC5EFC6AA7B752 /* Frameworks */ = {
			isa = PBXGroup;
			children = (
				22A1C0FEAE5AF77CC589BD13 /* Pods_NewtManager.framework */,
			);
			name = Frameworks;
			sourceTree = "<group>";
		};
/* End PBXGroup section */

/* Begin PBXNativeTarget section */
		A950EAFD1DB00350005FC305 /* NewtManager */ = {
			isa = PBXNativeTarget;
			buildConfigurationList = A950EB101DB00351005FC305 /* Build configuration list for PBXNativeTarget "NewtManager" */;
			buildPhases = (
				205CDB9FA82C50CF66BC4F7F /* [CP] Check Pods Manifest.lock */,
				A950EAFA1DB00350005FC305 /* Sources */,
				A950EAFB1DB00350005FC305 /* Frameworks */,
				A950EAFC1DB00350005FC305 /* Resources */,
				D3AF3F1163F9E2972DECC358 /* [CP] Embed Pods Frameworks */,
				75838A2578EDEA4524A98AC2 /* [CP] Copy Pods Resources */,
			);
			buildRules = (
			);
			dependencies = (
			);
			name = NewtManager;
			productName = NewtManager;
			productReference = A950EAFE1DB00351005FC305 /* NewtManager.app */;
			productType = "com.apple.product-type.application";
		};
/* End PBXNativeTarget section */

/* Begin PBXProject section */
		A950EAF61DB00350005FC305 /* Project object */ = {
			isa = PBXProject;
			attributes = {
				LastSwiftUpdateCheck = 0810;
				LastUpgradeCheck = 0820;
				ORGANIZATIONNAME = Adafruit;
				TargetAttributes = {
					A950EAFD1DB00350005FC305 = {
						CreatedOnToolsVersion = 8.1;
						DevelopmentTeam = 2X94RM7457;
						LastSwiftMigration = 0810;
						ProvisioningStyle = Automatic;
						SystemCapabilities = {
							com.apple.BackgroundModes = {
								enabled = 1;
							};
							com.apple.iCloud = {
								enabled = 1;
							};
						};
					};
				};
			};
			buildConfigurationList = A950EAF91DB00350005FC305 /* Build configuration list for PBXProject "NewtManager" */;
			compatibilityVersion = "Xcode 3.2";
			developmentRegion = English;
			hasScannedForEncodings = 0;
			knownRegions = (
				en,
				Base,
			);
			mainGroup = A950EAF51DB00350005FC305;
			productRefGroup = A950EAFF1DB00351005FC305 /* Products */;
			projectDirPath = "";
			projectRoot = "";
			targets = (
				A950EAFD1DB00350005FC305 /* NewtManager */,
			);
		};
/* End PBXProject section */

/* Begin PBXResourcesBuildPhase section */
		A950EAFC1DB00350005FC305 /* Resources */ = {
			isa = PBXResourcesBuildPhase;
			buildActionMask = 2147483647;
			files = (
				A950EB0C1DB00351005FC305 /* LaunchScreen.storyboard in Resources */,
				A94A908D1DF7111E0030398F /* DefaultPreferences.plist in Resources */,
				A946D0D91DB31E0400D731B2 /* firmware in Resources */,
				A950EB091DB00351005FC305 /* Assets.xcassets in Resources */,
				A950EB071DB00351005FC305 /* Main.storyboard in Resources */,
			);
			runOnlyForDeploymentPostprocessing = 0;
		};
/* End PBXResourcesBuildPhase section */

/* Begin PBXShellScriptBuildPhase section */
		205CDB9FA82C50CF66BC4F7F /* [CP] Check Pods Manifest.lock */ = {
			isa = PBXShellScriptBuildPhase;
			buildActionMask = 2147483647;
			files = (
			);
			inputPaths = (
			);
			name = "[CP] Check Pods Manifest.lock";
			outputPaths = (
			);
			runOnlyForDeploymentPostprocessing = 0;
			shellPath = /bin/sh;
			shellScript = "diff \"${PODS_PODFILE_DIR_PATH}/Podfile.lock\" \"${PODS_ROOT}/Manifest.lock\" > /dev/null\nif [ $? != 0 ] ; then\n    # print error to STDERR\n    echo \"error: The sandbox is not in sync with the Podfile.lock. Run 'pod install' or update your CocoaPods installation.\" >&2\n    exit 1\nfi\n";
			showEnvVarsInLog = 0;
		};
		75838A2578EDEA4524A98AC2 /* [CP] Copy Pods Resources */ = {
			isa = PBXShellScriptBuildPhase;
			buildActionMask = 2147483647;
			files = (
			);
			inputPaths = (
			);
			name = "[CP] Copy Pods Resources";
			outputPaths = (
			);
			runOnlyForDeploymentPostprocessing = 0;
			shellPath = /bin/sh;
			shellScript = "\"${SRCROOT}/Pods/Target Support Files/Pods-NewtManager/Pods-NewtManager-resources.sh\"\n";
			showEnvVarsInLog = 0;
		};
		D3AF3F1163F9E2972DECC358 /* [CP] Embed Pods Frameworks */ = {
			isa = PBXShellScriptBuildPhase;
			buildActionMask = 2147483647;
			files = (
			);
			inputPaths = (
			);
			name = "[CP] Embed Pods Frameworks";
			outputPaths = (
			);
			runOnlyForDeploymentPostprocessing = 0;
			shellPath = /bin/sh;
			shellScript = "\"${SRCROOT}/Pods/Target Support Files/Pods-NewtManager/Pods-NewtManager-frameworks.sh\"\n";
			showEnvVarsInLog = 0;
		};
/* End PBXShellScriptBuildPhase section */

/* Begin PBXSourcesBuildPhase section */
		A950EAFA1DB00350005FC305 /* Sources */ = {
			isa = PBXSourcesBuildPhase;
			buildActionMask = 2147483647;
			files = (
				A94A906A1DF64CF90030398F /* AutoRefresh.swift in Sources */,
				A98101261E40F5E30072B50D /* LogHelper.swift in Sources */,
				A98101231E40F5E30072B50D /* CommandQueue.swift in Sources */,
				A94A90831DF6FE6C0030398F /* StatsViewController.swift in Sources */,
				A98101251E40F5E30072B50D /* DataConversions.swift in Sources */,
				A9E707A51DF335E500E1B1D8 /* NewtHandler+Types.swift in Sources */,
				A9FACDA91DB2AE0F00061E70 /* DeviceTabBarViewController.swift in Sources */,
				A94F25701DF0452700F46930 /* CBOREncoder.swift in Sources */,
				A99171321DF5EE6F00CB8C5D /* UIColor+LighterDarker.swift in Sources */,
				A950EB201DB04C6F005FC305 /* MainNavigationViewController.swift in Sources */,
				A94F256B1DF0448D00F46930 /* CBORDecoder.swift in Sources */,
				A950EB021DB00351005FC305 /* AppDelegate.swift in Sources */,
				A94A90871DF6FE6C0030398F /* TasksTableViewCell.swift in Sources */,
				A98101161E40F5AB0072B50D /* BlePeripheral+Newt.swift in Sources */,
				A94A90911DF7132F0030398F /* PeripheralList.swift in Sources */,
				A98101181E40F5AB0072B50D /* BlePeripheral.swift in Sources */,
				A981011B1E40F5AB0072B50D /* UartManager.swift in Sources */,
				A94A90971DF71BEA0030398F /* StyledSubview.swift in Sources */,
				A94A90851DF6FE6C0030398F /* StackUsageChartView.swift in Sources */,
				A981011A1E40F5AB0072B50D /* UartLogManager.swift in Sources */,
				A94A907F1DF6FE6C0030398F /* ImageSlotTableViewCell.swift in Sources */,
				A98101191E40F5AB0072B50D /* Sensor.swift in Sources */,
				A987B8311DF722510013840F /* RssiUI.swift in Sources */,
				A94A90861DF6FE6C0030398F /* TasksChartViewController.swift in Sources */,
				A94A90801DF6FE6C0030398F /* ImagesViewController.swift in Sources */,
				A94A90811DF6FE6C0030398F /* UploadProgressViewController.swift in Sources */,
				A94A90921DF7132F0030398F /* ScannerViewController.swift in Sources */,
				A94F256C1DF0448D00F46930 /* CBORInputStream.swift in Sources */,
				A98101241E40F5E30072B50D /* Data+ScanValue.swift in Sources */,
				A94F25901DF1A26C00F46930 /* NewtHandler.swift in Sources */,
				A98101221E40F5E30072B50D /* AlertUtils.swift in Sources */,
				A94A90991DF71D3C0030398F /* PeripheralTableViewCell.swift in Sources */,
				A94A90891DF6FE6C0030398F /* TaskViewController.swift in Sources */,
				A94F256A1DF0448D00F46930 /* CBOR.swift in Sources */,
				A98101151E40F5AB0072B50D /* BleManager.swift in Sources */,
				A9FACDAB1DB2AE3000061E70 /* NewtViewController.swift in Sources */,
				A94A90881DF6FE6C0030398F /* TasksViewController.swift in Sources */,
				A987B8331DF726000013840F /* FilterTextSettingsViewController.swift in Sources */,
				A95CE57B1DB68252008C234E /* CommandsViewController.swift in Sources */,
				A94A90841DF6FE6C0030398F /* RuntimeChartView.swift in Sources */,
				A94A90961DF71BEA0030398F /* StyledButton.swift in Sources */,
				A94A908B1DF710020030398F /* Preferences.swift in Sources */,
				A98101171E40F5AB0072B50D /* BlePeripheral+Uart.swift in Sources */,
				A94A90821DF6FE6C0030398F /* StatsDetailViewController.swift in Sources */,
				A94F256D1DF0448D00F46930 /* Util.swift in Sources */,
			);
			runOnlyForDeploymentPostprocessing = 0;
		};
/* End PBXSourcesBuildPhase section */

/* Begin PBXVariantGroup section */
		A950EB051DB00351005FC305 /* Main.storyboard */ = {
			isa = PBXVariantGroup;
			children = (
				A950EB061DB00351005FC305 /* Base */,
			);
			name = Main.storyboard;
			sourceTree = "<group>";
		};
		A950EB0A1DB00351005FC305 /* LaunchScreen.storyboard */ = {
			isa = PBXVariantGroup;
			children = (
				A950EB0B1DB00351005FC305 /* Base */,
			);
			name = LaunchScreen.storyboard;
			sourceTree = "<group>";
		};
/* End PBXVariantGroup section */

/* Begin XCBuildConfiguration section */
		A950EB0E1DB00351005FC305 /* Debug */ = {
			isa = XCBuildConfiguration;
			buildSettings = {
				ALWAYS_SEARCH_USER_PATHS = NO;
				CLANG_ANALYZER_NONNULL = YES;
				CLANG_CXX_LANGUAGE_STANDARD = "gnu++0x";
				CLANG_CXX_LIBRARY = "libc++";
				CLANG_ENABLE_MODULES = YES;
				CLANG_ENABLE_OBJC_ARC = YES;
				CLANG_WARN_BOOL_CONVERSION = YES;
				CLANG_WARN_CONSTANT_CONVERSION = YES;
				CLANG_WARN_DIRECT_OBJC_ISA_USAGE = YES_ERROR;
				CLANG_WARN_DOCUMENTATION_COMMENTS = YES;
				CLANG_WARN_EMPTY_BODY = YES;
				CLANG_WARN_ENUM_CONVERSION = YES;
				CLANG_WARN_INFINITE_RECURSION = YES;
				CLANG_WARN_INT_CONVERSION = YES;
				CLANG_WARN_OBJC_ROOT_CLASS = YES_ERROR;
				CLANG_WARN_SUSPICIOUS_MOVE = YES;
				CLANG_WARN_SUSPICIOUS_MOVES = YES;
				CLANG_WARN_UNREACHABLE_CODE = YES;
				CLANG_WARN__DUPLICATE_METHOD_MATCH = YES;
				"CODE_SIGN_IDENTITY[sdk=iphoneos*]" = "iPhone Developer";
				COPY_PHASE_STRIP = NO;
				DEBUG_INFORMATION_FORMAT = dwarf;
				ENABLE_STRICT_OBJC_MSGSEND = YES;
				ENABLE_TESTABILITY = YES;
				GCC_C_LANGUAGE_STANDARD = gnu99;
				GCC_DYNAMIC_NO_PIC = NO;
				GCC_NO_COMMON_BLOCKS = YES;
				GCC_OPTIMIZATION_LEVEL = 0;
				GCC_PREPROCESSOR_DEFINITIONS = (
					"DEBUG=1",
					"$(inherited)",
				);
				GCC_WARN_64_TO_32_BIT_CONVERSION = YES;
				GCC_WARN_ABOUT_RETURN_TYPE = YES_ERROR;
				GCC_WARN_UNDECLARED_SELECTOR = YES;
				GCC_WARN_UNINITIALIZED_AUTOS = YES_AGGRESSIVE;
				GCC_WARN_UNUSED_FUNCTION = YES;
				GCC_WARN_UNUSED_VARIABLE = YES;
				IPHONEOS_DEPLOYMENT_TARGET = 10.1;
				MTL_ENABLE_DEBUG_INFO = YES;
				ONLY_ACTIVE_ARCH = YES;
				SDKROOT = iphoneos;
				SWIFT_ACTIVE_COMPILATION_CONDITIONS = DEBUG;
				SWIFT_OPTIMIZATION_LEVEL = "-Onone";
			};
			name = Debug;
		};
		A950EB0F1DB00351005FC305 /* Release */ = {
			isa = XCBuildConfiguration;
			buildSettings = {
				ALWAYS_SEARCH_USER_PATHS = NO;
				CLANG_ANALYZER_NONNULL = YES;
				CLANG_CXX_LANGUAGE_STANDARD = "gnu++0x";
				CLANG_CXX_LIBRARY = "libc++";
				CLANG_ENABLE_MODULES = YES;
				CLANG_ENABLE_OBJC_ARC = YES;
				CLANG_WARN_BOOL_CONVERSION = YES;
				CLANG_WARN_CONSTANT_CONVERSION = YES;
				CLANG_WARN_DIRECT_OBJC_ISA_USAGE = YES_ERROR;
				CLANG_WARN_DOCUMENTATION_COMMENTS = YES;
				CLANG_WARN_EMPTY_BODY = YES;
				CLANG_WARN_ENUM_CONVERSION = YES;
				CLANG_WARN_INFINITE_RECURSION = YES;
				CLANG_WARN_INT_CONVERSION = YES;
				CLANG_WARN_OBJC_ROOT_CLASS = YES_ERROR;
				CLANG_WARN_SUSPICIOUS_MOVE = YES;
				CLANG_WARN_SUSPICIOUS_MOVES = YES;
				CLANG_WARN_UNREACHABLE_CODE = YES;
				CLANG_WARN__DUPLICATE_METHOD_MATCH = YES;
				"CODE_SIGN_IDENTITY[sdk=iphoneos*]" = "iPhone Developer";
				COPY_PHASE_STRIP = NO;
				DEBUG_INFORMATION_FORMAT = "dwarf-with-dsym";
				ENABLE_NS_ASSERTIONS = NO;
				ENABLE_STRICT_OBJC_MSGSEND = YES;
				GCC_C_LANGUAGE_STANDARD = gnu99;
				GCC_NO_COMMON_BLOCKS = YES;
				GCC_WARN_64_TO_32_BIT_CONVERSION = YES;
				GCC_WARN_ABOUT_RETURN_TYPE = YES_ERROR;
				GCC_WARN_UNDECLARED_SELECTOR = YES;
				GCC_WARN_UNINITIALIZED_AUTOS = YES_AGGRESSIVE;
				GCC_WARN_UNUSED_FUNCTION = YES;
				GCC_WARN_UNUSED_VARIABLE = YES;
				IPHONEOS_DEPLOYMENT_TARGET = 10.1;
				MTL_ENABLE_DEBUG_INFO = NO;
				SDKROOT = iphoneos;
				SWIFT_OPTIMIZATION_LEVEL = "-Owholemodule";
				VALIDATE_PRODUCT = YES;
			};
			name = Release;
		};
		A950EB111DB00351005FC305 /* Debug */ = {
			isa = XCBuildConfiguration;
			baseConfigurationReference = 2F6D5EE2A6A578F5257A3873 /* Pods-NewtManager.debug.xcconfig */;
			buildSettings = {
				ASSETCATALOG_COMPILER_APPICON_NAME = AppIcon;
				CLANG_ENABLE_MODULES = YES;
				CODE_SIGN_ENTITLEMENTS = NewtManager/NewtManager.entitlements;
				DEVELOPMENT_TEAM = 2X94RM7457;
				INFOPLIST_FILE = NewtManager/Info.plist;
				IPHONEOS_DEPLOYMENT_TARGET = 9.0;
				LD_RUNPATH_SEARCH_PATHS = "$(inherited) @executable_path/Frameworks";
				PRODUCT_BUNDLE_IDENTIFIER = com.adafruit.NewtManager;
				PRODUCT_NAME = "$(TARGET_NAME)";
				SWIFT_OBJC_BRIDGING_HEADER = "NewtManager/NewtManager-Bridging-Header.h";
				SWIFT_OPTIMIZATION_LEVEL = "-Onone";
				SWIFT_VERSION = 3.0.1;
			};
			name = Debug;
		};
		A950EB121DB00351005FC305 /* Release */ = {
			isa = XCBuildConfiguration;
			baseConfigurationReference = 248D6317AE0B051C55E9F7D9 /* Pods-NewtManager.release.xcconfig */;
			buildSettings = {
				ASSETCATALOG_COMPILER_APPICON_NAME = AppIcon;
				CLANG_ENABLE_MODULES = YES;
				CODE_SIGN_ENTITLEMENTS = NewtManager/NewtManager.entitlements;
				DEVELOPMENT_TEAM = 2X94RM7457;
				INFOPLIST_FILE = NewtManager/Info.plist;
				IPHONEOS_DEPLOYMENT_TARGET = 9.0;
				LD_RUNPATH_SEARCH_PATHS = "$(inherited) @executable_path/Frameworks";
				PRODUCT_BUNDLE_IDENTIFIER = com.adafruit.NewtManager;
				PRODUCT_NAME = "$(TARGET_NAME)";
				SWIFT_OBJC_BRIDGING_HEADER = "NewtManager/NewtManager-Bridging-Header.h";
				SWIFT_VERSION = 3.0.1;
			};
			name = Release;
		};
/* End XCBuildConfiguration section */

/* Begin XCConfigurationList section */
		A950EAF91DB00350005FC305 /* Build configuration list for PBXProject "NewtManager" */ = {
			isa = XCConfigurationList;
			buildConfigurations = (
				A950EB0E1DB00351005FC305 /* Debug */,
				A950EB0F1DB00351005FC305 /* Release */,
			);
			defaultConfigurationIsVisible = 0;
			defaultConfigurationName = Release;
		};
		A950EB101DB00351005FC305 /* Build configuration list for PBXNativeTarget "NewtManager" */ = {
			isa = XCConfigurationList;
			buildConfigurations = (
				A950EB111DB00351005FC305 /* Debug */,
				A950EB121DB00351005FC305 /* Release */,
			);
			defaultConfigurationIsVisible = 0;
			defaultConfigurationName = Release;
		};
/* End XCConfigurationList section */
	};
	rootObject = A950EAF61DB00350005FC305 /* Project object */;
}
