PODS:
  - Charts (3.0.1):
    - Charts/Core (= 3.0.1)
  - Charts/Core (3.0.1)
  - MSWeakTimer (1.1.0)

DEPENDENCIES:
  - Charts (~> 3.0.1)
  - MSWeakTimer (~> 1.1.0)

SPEC CHECKSUMS:
  Charts: 0e84f4418e87dad6a9edde221fba37ebb51d3ba7
  MSWeakTimer: 9426150f933b80ed3acf3f6d228e4b61f0e303c8

PODFILE CHECKSUM: 08fa810722b71350fd739dcb1c7db54dcbea9496

COCOAPODS: 1.0.1
