// !$*UTF8*$!
{
	archiveVersion = 1;
	classes = {
	};
	objectVersion = 46;
	objects = {

/* Begin PBXBuildFile section */
		5B3F68DE1FE1AEEE00677D1D /* NewtHandler+Types.swift in Sources */ = {isa = PBXBuildFile; fileRef = 5B3F68841FE1AEEE00677D1D /* NewtHandler+Types.swift */; };
		5B3F68DF1FE1AEEE00677D1D /* NewtHandler.swift in Sources */ = {isa = PBXBuildFile; fileRef = 5B3F68851FE1AEEE00677D1D /* NewtHandler.swift */; };
		5B3F68E01FE1AEEE00677D1D /* UartPacketManagerBase.swift in Sources */ = {isa = PBXBuildFile; fileRef = 5B3F68871FE1AEEE00677D1D /* UartPacketManagerBase.swift */; };
		5B3F68E11FE1AEEE00677D1D /* BlePeripheral.swift in Sources */ = {isa = PBXBuildFile; fileRef = 5B3F68891FE1AEEE00677D1D /* BlePeripheral.swift */; };
		5B3F68E21FE1AEEE00677D1D /* BleManager.swift in Sources */ = {isa = PBXBuildFile; fileRef = 5B3F688A1FE1AEEE00677D1D /* BleManager.swift */; };
		5B3F68E31FE1AEEE00677D1D /* UartLogManager.swift in Sources */ = {isa = PBXBuildFile; fileRef = 5B3F688B1FE1AEEE00677D1D /* UartLogManager.swift */; };
		5B3F68E41FE1AEEE00677D1D /* UartDataManager.swift in Sources */ = {isa = PBXBuildFile; fileRef = 5B3F688C1FE1AEEE00677D1D /* UartDataManager.swift */; };
		5B3F68E51FE1AEEE00677D1D /* UartPacketManager.swift in Sources */ = {isa = PBXBuildFile; fileRef = 5B3F688D1FE1AEEE00677D1D /* UartPacketManager.swift */; };
		5B3F68E61FE1AEEE00677D1D /* BlePeripheral+Uart.swift in Sources */ = {isa = PBXBuildFile; fileRef = 5B3F688E1FE1AEEE00677D1D /* BlePeripheral+Uart.swift */; };
		5B3F68E71FE1AEEE00677D1D /* BlePeripheral+Mynewt.swift in Sources */ = {isa = PBXBuildFile; fileRef = 5B3F688F1FE1AEEE00677D1D /* BlePeripheral+Mynewt.swift */; };
		5B3F68E81FE1AEEE00677D1D /* DataConversions.swift in Sources */ = {isa = PBXBuildFile; fileRef = 5B3F68911FE1AEEE00677D1D /* DataConversions.swift */; };
		5B3F68E91FE1AEEE00677D1D /* AlertHelper.swift in Sources */ = {isa = PBXBuildFile; fileRef = 5B3F68921FE1AEEE00677D1D /* AlertHelper.swift */; };
		5B3F68EA1FE1AEEE00677D1D /* CommandQueue.swift in Sources */ = {isa = PBXBuildFile; fileRef = 5B3F68931FE1AEEE00677D1D /* CommandQueue.swift */; };
		5B3F68EB1FE1AEEE00677D1D /* LogHelper.swift in Sources */ = {isa = PBXBuildFile; fileRef = 5B3F68941FE1AEEE00677D1D /* LogHelper.swift */; };
		5B3F68EC1FE1AEEE00677D1D /* KeyboardPositionNotifier.swift in Sources */ = {isa = PBXBuildFile; fileRef = 5B3F68951FE1AEEE00677D1D /* KeyboardPositionNotifier.swift */; };
		5B3F68ED1FE1AEEE00677D1D /* Data+ScanValue.swift in Sources */ = {isa = PBXBuildFile; fileRef = 5B3F68961FE1AEEE00677D1D /* Data+ScanValue.swift */; };
		5B3F68EE1FE1AEEE00677D1D /* DefaultPreferences.plist in Resources */ = {isa = PBXBuildFile; fileRef = 5B3F68981FE1AEEE00677D1D /* DefaultPreferences.plist */; };
		5B3F68EF1FE1AEEE00677D1D /* Localizable.strings in Resources */ = {isa = PBXBuildFile; fileRef = 5B3F689A1FE1AEEE00677D1D /* Localizable.strings */; };
		5B3F68F01FE1AEEE00677D1D /* LICENSE in Resources */ = {isa = PBXBuildFile; fileRef = 5B3F689E1FE1AEEE00677D1D /* LICENSE */; };
		5B3F68F11FE1AEEE00677D1D /* NSObject+ENHThrottledReloading.m in Sources */ = {isa = PBXBuildFile; fileRef = 5B3F689F1FE1AEEE00677D1D /* NSObject+ENHThrottledReloading.m */; };
		5B3F68F21FE1AEEE00677D1D /* README.md in Resources */ = {isa = PBXBuildFile; fileRef = 5B3F68A01FE1AEEE00677D1D /* README.md */; };
		5B3F68F31FE1AEEE00677D1D /* Synchronize.swift in Sources */ = {isa = PBXBuildFile; fileRef = 5B3F68A31FE1AEEE00677D1D /* Synchronize.swift */; };
		5B3F68F41FE1AEEE00677D1D /* UartDataExport.swift in Sources */ = {isa = PBXBuildFile; fileRef = 5B3F68A41FE1AEEE00677D1D /* UartDataExport.swift */; };
		5B3F68F51FE1AEEE00677D1D /* Preferences.swift in Sources */ = {isa = PBXBuildFile; fileRef = 5B3F68A51FE1AEEE00677D1D /* Preferences.swift */; };
		5B3F68F61FE1AEEE00677D1D /* LocalizationManager.swift in Sources */ = {isa = PBXBuildFile; fileRef = 5B3F68A61FE1AEEE00677D1D /* LocalizationManager.swift */; };
		5B3F68F71FE1AEEE00677D1D /* CBOREncoder.swift in Sources */ = {isa = PBXBuildFile; fileRef = 5B3F68A81FE1AEEE00677D1D /* CBOREncoder.swift */; };
		5B3F68F81FE1AEEE00677D1D /* CBORInputStream.swift in Sources */ = {isa = PBXBuildFile; fileRef = 5B3F68AA1FE1AEEE00677D1D /* CBORInputStream.swift */; };
		5B3F68F91FE1AEEE00677D1D /* CBORDecoder.swift in Sources */ = {isa = PBXBuildFile; fileRef = 5B3F68AB1FE1AEEE00677D1D /* CBORDecoder.swift */; };
		5B3F68FA1FE1AEEE00677D1D /* CBOR.swift in Sources */ = {isa = PBXBuildFile; fileRef = 5B3F68AC1FE1AEEE00677D1D /* CBOR.swift */; };
		5B3F68FB1FE1AEEE00677D1D /* Util.swift in Sources */ = {isa = PBXBuildFile; fileRef = 5B3F68AD1FE1AEEE00677D1D /* Util.swift */; };
		5B3F68FC1FE1AEEE00677D1D /* UIColor+LighterDarker.swift in Sources */ = {isa = PBXBuildFile; fileRef = 5B3F68AE1FE1AEEE00677D1D /* UIColor+LighterDarker.swift */; };
		5B3F68FD1FE1AEEE00677D1D /* AutoRefresh.swift in Sources */ = {isa = PBXBuildFile; fileRef = 5B3F68AF1FE1AEEE00677D1D /* AutoRefresh.swift */; };
		5B3F68FE1FE1AEEE00677D1D /* DataFormatter.swift in Sources */ = {isa = PBXBuildFile; fileRef = 5B3F68B01FE1AEEE00677D1D /* DataFormatter.swift */; };
		5B3F68FF1FE1AEEF00677D1D /* MqttManager.swift in Sources */ = {isa = PBXBuildFile; fileRef = 5B3F68B21FE1AEEE00677D1D /* MqttManager.swift */; };
		5B3F69001FE1AEEF00677D1D /* MqttSettings.swift in Sources */ = {isa = PBXBuildFile; fileRef = 5B3F68B31FE1AEEE00677D1D /* MqttSettings.swift */; };
		5B3F69011FE1AEEF00677D1D /* TasksViewController.swift in Sources */ = {isa = PBXBuildFile; fileRef = 5B3F68B61FE1AEEE00677D1D /* TasksViewController.swift */; };
		5B3F69021FE1AEEF00677D1D /* RuntimeChartView.swift in Sources */ = {isa = PBXBuildFile; fileRef = 5B3F68B71FE1AEEE00677D1D /* RuntimeChartView.swift */; };
		5B3F69031FE1AEEF00677D1D /* StackUsageChartView.swift in Sources */ = {isa = PBXBuildFile; fileRef = 5B3F68B81FE1AEEE00677D1D /* StackUsageChartView.swift */; };
		5B3F69041FE1AEEF00677D1D /* TaskViewController.swift in Sources */ = {isa = PBXBuildFile; fileRef = 5B3F68B91FE1AEEE00677D1D /* TaskViewController.swift */; };
		5B3F69051FE1AEEF00677D1D /* TasksTableViewCell.swift in Sources */ = {isa = PBXBuildFile; fileRef = 5B3F68BA1FE1AEEE00677D1D /* TasksTableViewCell.swift */; };
		5B3F69061FE1AEEF00677D1D /* TasksChartViewController.swift in Sources */ = {isa = PBXBuildFile; fileRef = 5B3F68BB1FE1AEEE00677D1D /* TasksChartViewController.swift */; };
		5B3F69071FE1AEEF00677D1D /* DeviceTabBarViewController.swift in Sources */ = {isa = PBXBuildFile; fileRef = 5B3F68BC1FE1AEEE00677D1D /* DeviceTabBarViewController.swift */; };
		5B3F69081FE1AEEF00677D1D /* CommandsViewController.swift in Sources */ = {isa = PBXBuildFile; fileRef = 5B3F68BD1FE1AEEE00677D1D /* CommandsViewController.swift */; };
		5B3F69091FE1AEEF00677D1D /* UploadProgressViewController.swift in Sources */ = {isa = PBXBuildFile; fileRef = 5B3F68BF1FE1AEEE00677D1D /* UploadProgressViewController.swift */; };
		5B3F690A1FE1AEEF00677D1D /* ImagesViewController.swift in Sources */ = {isa = PBXBuildFile; fileRef = 5B3F68C01FE1AEEE00677D1D /* ImagesViewController.swift */; };
		5B3F690B1FE1AEEF00677D1D /* ImageSlotTableViewCell.swift in Sources */ = {isa = PBXBuildFile; fileRef = 5B3F68C11FE1AEEE00677D1D /* ImageSlotTableViewCell.swift */; };
		5B3F690C1FE1AEEF00677D1D /* MynewtViewController.swift in Sources */ = {isa = PBXBuildFile; fileRef = 5B3F68C21FE1AEEE00677D1D /* MynewtViewController.swift */; };
		5B3F690D1FE1AEEF00677D1D /* UartStyle.swift in Sources */ = {isa = PBXBuildFile; fileRef = 5B3F68C41FE1AEEE00677D1D /* UartStyle.swift */; };
		5B3F690E1FE1AEEF00677D1D /* UIImage+Tint.swift in Sources */ = {isa = PBXBuildFile; fileRef = 5B3F68C51FE1AEEE00677D1D /* UIImage+Tint.swift */; };
		5B3F690F1FE1AEEF00677D1D /* RssiUI.swift in Sources */ = {isa = PBXBuildFile; fileRef = 5B3F68C61FE1AEEE00677D1D /* RssiUI.swift */; };
		5B3F69101FE1AEEF00677D1D /* StyledButton.swift in Sources */ = {isa = PBXBuildFile; fileRef = 5B3F68C71FE1AEEE00677D1D /* StyledButton.swift */; };
		5B3F69111FE1AEEF00677D1D /* StyledSubview.swift in Sources */ = {isa = PBXBuildFile; fileRef = 5B3F68C81FE1AEEE00677D1D /* StyledSubview.swift */; };
		5B3F69121FE1AEEF00677D1D /* MainNavigationViewController.swift in Sources */ = {isa = PBXBuildFile; fileRef = 5B3F68C91FE1AEEE00677D1D /* MainNavigationViewController.swift */; };
		5B3F69131FE1AEEF00677D1D /* PeripheralList.swift in Sources */ = {isa = PBXBuildFile; fileRef = 5B3F68CB1FE1AEEE00677D1D /* PeripheralList.swift */; };
		5B3F69141FE1AEEF00677D1D /* FilterTextSettingsViewController.swift in Sources */ = {isa = PBXBuildFile; fileRef = 5B3F68CC1FE1AEEE00677D1D /* FilterTextSettingsViewController.swift */; };
		5B3F69151FE1AEEF00677D1D /* AboutViewController.swift in Sources */ = {isa = PBXBuildFile; fileRef = 5B3F68CD1FE1AEEE00677D1D /* AboutViewController.swift */; };
		5B3F69161FE1AEEF00677D1D /* PeripheralTableViewCell.swift in Sources */ = {isa = PBXBuildFile; fileRef = 5B3F68CE1FE1AEEE00677D1D /* PeripheralTableViewCell.swift */; };
		5B3F69171FE1AEEF00677D1D /* ScannerViewController.swift in Sources */ = {isa = PBXBuildFile; fileRef = 5B3F68CF1FE1AEEE00677D1D /* ScannerViewController.swift */; };
		5B3F69181FE1AEEF00677D1D /* UartTimetampTableViewCell.swift in Sources */ = {isa = PBXBuildFile; fileRef = 5B3F68D11FE1AEEE00677D1D /* UartTimetampTableViewCell.swift */; };
		5B3F69191FE1AEEF00677D1D /* UartBaseViewController.swift in Sources */ = {isa = PBXBuildFile; fileRef = 5B3F68D21FE1AEEE00677D1D /* UartBaseViewController.swift */; };
		5B3F691A1FE1AEEF00677D1D /* UartModeViewController.swift in Sources */ = {isa = PBXBuildFile; fileRef = 5B3F68D31FE1AEEE00677D1D /* UartModeViewController.swift */; };
		5B3F691B1FE1AEEF00677D1D /* UartSettingTableViewCell.swift in Sources */ = {isa = PBXBuildFile; fileRef = 5B3F68D41FE1AEEE00677D1D /* UartSettingTableViewCell.swift */; };
		5B3F691C1FE1AEEF00677D1D /* MqttSettingsValueAndSelector.swift in Sources */ = {isa = PBXBuildFile; fileRef = 5B3F68D61FE1AEEE00677D1D /* MqttSettingsValueAndSelector.swift */; };
		5B3F691D1FE1AEEF00677D1D /* MqttSettingsHeaderCell.swift in Sources */ = {isa = PBXBuildFile; fileRef = 5B3F68D71FE1AEEE00677D1D /* MqttSettingsHeaderCell.swift */; };
		5B3F691E1FE1AEEF00677D1D /* MqttSettingsStatusCell.swift in Sources */ = {isa = PBXBuildFile; fileRef = 5B3F68D81FE1AEEE00677D1D /* MqttSettingsStatusCell.swift */; };
		5B3F691F1FE1AEEF00677D1D /* MqttSettingPickerCell.swift in Sources */ = {isa = PBXBuildFile; fileRef = 5B3F68D91FE1AEEE00677D1D /* MqttSettingPickerCell.swift */; };
		5B3F69201FE1AEEF00677D1D /* UartSettingsViewController.swift in Sources */ = {isa = PBXBuildFile; fileRef = 5B3F68DA1FE1AEEE00677D1D /* UartSettingsViewController.swift */; };
		5B3F69211FE1AEEF00677D1D /* StatsViewController.swift in Sources */ = {isa = PBXBuildFile; fileRef = 5B3F68DC1FE1AEEE00677D1D /* StatsViewController.swift */; };
		5B3F69221FE1AEEF00677D1D /* StatsDetailViewController.swift in Sources */ = {isa = PBXBuildFile; fileRef = 5B3F68DD1FE1AEEE00677D1D /* StatsDetailViewController.swift */; };
		A950EB021DB00351005FC305 /* AppDelegate.swift in Sources */ = {isa = PBXBuildFile; fileRef = A950EB011DB00351005FC305 /* AppDelegate.swift */; };
		A950EB071DB00351005FC305 /* Main.storyboard in Resources */ = {isa = PBXBuildFile; fileRef = A950EB051DB00351005FC305 /* Main.storyboard */; };
		A950EB091DB00351005FC305 /* Assets.xcassets in Resources */ = {isa = PBXBuildFile; fileRef = A950EB081DB00351005FC305 /* Assets.xcassets */; };
		A950EB0C1DB00351005FC305 /* LaunchScreen.storyboard in Resources */ = {isa = PBXBuildFile; fileRef = A950EB0A1DB00351005FC305 /* LaunchScreen.storyboard */; };
		FB7A976849D841A77B1D4BBE /* Pods_MynewtManager.framework in Frameworks */ = {isa = PBXBuildFile; fileRef = 5E1A5BE6A5015BA3D09A721B /* Pods_MynewtManager.framework */; };
/* End PBXBuildFile section */

/* Begin PBXFileReference section */
		5B3F68841FE1AEEE00677D1D /* NewtHandler+Types.swift */ = {isa = PBXFileReference; fileEncoding = 4; lastKnownFileType = sourcecode.swift; path = "NewtHandler+Types.swift"; sourceTree = "<group>"; };
		5B3F68851FE1AEEE00677D1D /* NewtHandler.swift */ = {isa = PBXFileReference; fileEncoding = 4; lastKnownFileType = sourcecode.swift; path = NewtHandler.swift; sourceTree = "<group>"; };
		5B3F68871FE1AEEE00677D1D /* UartPacketManagerBase.swift */ = {isa = PBXFileReference; fileEncoding = 4; lastKnownFileType = sourcecode.swift; path = UartPacketManagerBase.swift; sourceTree = "<group>"; };
		5B3F68891FE1AEEE00677D1D /* BlePeripheral.swift */ = {isa = PBXFileReference; fileEncoding = 4; lastKnownFileType = sourcecode.swift; path = BlePeripheral.swift; sourceTree = "<group>"; };
		5B3F688A1FE1AEEE00677D1D /* BleManager.swift */ = {isa = PBXFileReference; fileEncoding = 4; lastKnownFileType = sourcecode.swift; path = BleManager.swift; sourceTree = "<group>"; };
		5B3F688B1FE1AEEE00677D1D /* UartLogManager.swift */ = {isa = PBXFileReference; fileEncoding = 4; lastKnownFileType = sourcecode.swift; path = UartLogManager.swift; sourceTree = "<group>"; };
		5B3F688C1FE1AEEE00677D1D /* UartDataManager.swift */ = {isa = PBXFileReference; fileEncoding = 4; lastKnownFileType = sourcecode.swift; path = UartDataManager.swift; sourceTree = "<group>"; };
		5B3F688D1FE1AEEE00677D1D /* UartPacketManager.swift */ = {isa = PBXFileReference; fileEncoding = 4; lastKnownFileType = sourcecode.swift; path = UartPacketManager.swift; sourceTree = "<group>"; };
		5B3F688E1FE1AEEE00677D1D /* BlePeripheral+Uart.swift */ = {isa = PBXFileReference; fileEncoding = 4; lastKnownFileType = sourcecode.swift; path = "BlePeripheral+Uart.swift"; sourceTree = "<group>"; };
		5B3F688F1FE1AEEE00677D1D /* BlePeripheral+Mynewt.swift */ = {isa = PBXFileReference; fileEncoding = 4; lastKnownFileType = sourcecode.swift; path = "BlePeripheral+Mynewt.swift"; sourceTree = "<group>"; };
		5B3F68911FE1AEEE00677D1D /* DataConversions.swift */ = {isa = PBXFileReference; fileEncoding = 4; lastKnownFileType = sourcecode.swift; path = DataConversions.swift; sourceTree = "<group>"; };
		5B3F68921FE1AEEE00677D1D /* AlertHelper.swift */ = {isa = PBXFileReference; fileEncoding = 4; lastKnownFileType = sourcecode.swift; path = AlertHelper.swift; sourceTree = "<group>"; };
		5B3F68931FE1AEEE00677D1D /* CommandQueue.swift */ = {isa = PBXFileReference; fileEncoding = 4; lastKnownFileType = sourcecode.swift; path = CommandQueue.swift; sourceTree = "<group>"; };
		5B3F68941FE1AEEE00677D1D /* LogHelper.swift */ = {isa = PBXFileReference; fileEncoding = 4; lastKnownFileType = sourcecode.swift; path = LogHelper.swift; sourceTree = "<group>"; };
		5B3F68951FE1AEEE00677D1D /* KeyboardPositionNotifier.swift */ = {isa = PBXFileReference; fileEncoding = 4; lastKnownFileType = sourcecode.swift; path = KeyboardPositionNotifier.swift; sourceTree = "<group>"; };
		5B3F68961FE1AEEE00677D1D /* Data+ScanValue.swift */ = {isa = PBXFileReference; fileEncoding = 4; lastKnownFileType = sourcecode.swift; path = "Data+ScanValue.swift"; sourceTree = "<group>"; };
		5B3F68981FE1AEEE00677D1D /* DefaultPreferences.plist */ = {isa = PBXFileReference; fileEncoding = 4; lastKnownFileType = text.plist.xml; path = DefaultPreferences.plist; sourceTree = "<group>"; };
		5B3F689B1FE1AEEE00677D1D /* en */ = {isa = PBXFileReference; lastKnownFileType = text.plist.strings; name = en; path = en.lproj/Localizable.strings; sourceTree = "<group>"; };
		5B3F689E1FE1AEEE00677D1D /* LICENSE */ = {isa = PBXFileReference; fileEncoding = 4; lastKnownFileType = text; path = LICENSE; sourceTree = "<group>"; };
		5B3F689F1FE1AEEE00677D1D /* NSObject+ENHThrottledReloading.m */ = {isa = PBXFileReference; fileEncoding = 4; lastKnownFileType = sourcecode.c.objc; path = "NSObject+ENHThrottledReloading.m"; sourceTree = "<group>"; };
		5B3F68A01FE1AEEE00677D1D /* README.md */ = {isa = PBXFileReference; fileEncoding = 4; lastKnownFileType = net.daringfireball.markdown; path = README.md; sourceTree = "<group>"; };
		5B3F68A11FE1AEEE00677D1D /* NSObject+ENHThrottledReloading.h */ = {isa = PBXFileReference; fileEncoding = 4; lastKnownFileType = sourcecode.c.h; path = "NSObject+ENHThrottledReloading.h"; sourceTree = "<group>"; };
		5B3F68A31FE1AEEE00677D1D /* Synchronize.swift */ = {isa = PBXFileReference; fileEncoding = 4; lastKnownFileType = sourcecode.swift; path = Synchronize.swift; sourceTree = "<group>"; };
		5B3F68A41FE1AEEE00677D1D /* UartDataExport.swift */ = {isa = PBXFileReference; fileEncoding = 4; lastKnownFileType = sourcecode.swift; path = UartDataExport.swift; sourceTree = "<group>"; };
		5B3F68A51FE1AEEE00677D1D /* Preferences.swift */ = {isa = PBXFileReference; fileEncoding = 4; lastKnownFileType = sourcecode.swift; path = Preferences.swift; sourceTree = "<group>"; };
		5B3F68A61FE1AEEE00677D1D /* LocalizationManager.swift */ = {isa = PBXFileReference; fileEncoding = 4; lastKnownFileType = sourcecode.swift; path = LocalizationManager.swift; sourceTree = "<group>"; };
		5B3F68A81FE1AEEE00677D1D /* CBOREncoder.swift */ = {isa = PBXFileReference; fileEncoding = 4; lastKnownFileType = sourcecode.swift; path = CBOREncoder.swift; sourceTree = "<group>"; };
		5B3F68A91FE1AEEE00677D1D /* SwiftCBOR.h */ = {isa = PBXFileReference; fileEncoding = 4; lastKnownFileType = sourcecode.c.h; path = SwiftCBOR.h; sourceTree = "<group>"; };
		5B3F68AA1FE1AEEE00677D1D /* CBORInputStream.swift */ = {isa = PBXFileReference; fileEncoding = 4; lastKnownFileType = sourcecode.swift; path = CBORInputStream.swift; sourceTree = "<group>"; };
		5B3F68AB1FE1AEEE00677D1D /* CBORDecoder.swift */ = {isa = PBXFileReference; fileEncoding = 4; lastKnownFileType = sourcecode.swift; path = CBORDecoder.swift; sourceTree = "<group>"; };
		5B3F68AC1FE1AEEE00677D1D /* CBOR.swift */ = {isa = PBXFileReference; fileEncoding = 4; lastKnownFileType = sourcecode.swift; path = CBOR.swift; sourceTree = "<group>"; };
		5B3F68AD1FE1AEEE00677D1D /* Util.swift */ = {isa = PBXFileReference; fileEncoding = 4; lastKnownFileType = sourcecode.swift; path = Util.swift; sourceTree = "<group>"; };
		5B3F68AE1FE1AEEE00677D1D /* UIColor+LighterDarker.swift */ = {isa = PBXFileReference; fileEncoding = 4; lastKnownFileType = sourcecode.swift; path = "UIColor+LighterDarker.swift"; sourceTree = "<group>"; };
		5B3F68AF1FE1AEEE00677D1D /* AutoRefresh.swift */ = {isa = PBXFileReference; fileEncoding = 4; lastKnownFileType = sourcecode.swift; path = AutoRefresh.swift; sourceTree = "<group>"; };
		5B3F68B01FE1AEEE00677D1D /* DataFormatter.swift */ = {isa = PBXFileReference; fileEncoding = 4; lastKnownFileType = sourcecode.swift; path = DataFormatter.swift; sourceTree = "<group>"; };
		5B3F68B21FE1AEEE00677D1D /* MqttManager.swift */ = {isa = PBXFileReference; fileEncoding = 4; lastKnownFileType = sourcecode.swift; path = MqttManager.swift; sourceTree = "<group>"; };
		5B3F68B31FE1AEEE00677D1D /* MqttSettings.swift */ = {isa = PBXFileReference; fileEncoding = 4; lastKnownFileType = sourcecode.swift; path = MqttSettings.swift; sourceTree = "<group>"; };
		5B3F68B61FE1AEEE00677D1D /* TasksViewController.swift */ = {isa = PBXFileReference; fileEncoding = 4; lastKnownFileType = sourcecode.swift; path = TasksViewController.swift; sourceTree = "<group>"; };
		5B3F68B71FE1AEEE00677D1D /* RuntimeChartView.swift */ = {isa = PBXFileReference; fileEncoding = 4; lastKnownFileType = sourcecode.swift; path = RuntimeChartView.swift; sourceTree = "<group>"; };
		5B3F68B81FE1AEEE00677D1D /* StackUsageChartView.swift */ = {isa = PBXFileReference; fileEncoding = 4; lastKnownFileType = sourcecode.swift; path = StackUsageChartView.swift; sourceTree = "<group>"; };
		5B3F68B91FE1AEEE00677D1D /* TaskViewController.swift */ = {isa = PBXFileReference; fileEncoding = 4; lastKnownFileType = sourcecode.swift; path = TaskViewController.swift; sourceTree = "<group>"; };
		5B3F68BA1FE1AEEE00677D1D /* TasksTableViewCell.swift */ = {isa = PBXFileReference; fileEncoding = 4; lastKnownFileType = sourcecode.swift; path = TasksTableViewCell.swift; sourceTree = "<group>"; };
		5B3F68BB1FE1AEEE00677D1D /* TasksChartViewController.swift */ = {isa = PBXFileReference; fileEncoding = 4; lastKnownFileType = sourcecode.swift; path = TasksChartViewController.swift; sourceTree = "<group>"; };
		5B3F68BC1FE1AEEE00677D1D /* DeviceTabBarViewController.swift */ = {isa = PBXFileReference; fileEncoding = 4; lastKnownFileType = sourcecode.swift; path = DeviceTabBarViewController.swift; sourceTree = "<group>"; };
		5B3F68BD1FE1AEEE00677D1D /* CommandsViewController.swift */ = {isa = PBXFileReference; fileEncoding = 4; lastKnownFileType = sourcecode.swift; path = CommandsViewController.swift; sourceTree = "<group>"; };
		5B3F68BF1FE1AEEE00677D1D /* UploadProgressViewController.swift */ = {isa = PBXFileReference; fileEncoding = 4; lastKnownFileType = sourcecode.swift; path = UploadProgressViewController.swift; sourceTree = "<group>"; };
		5B3F68C01FE1AEEE00677D1D /* ImagesViewController.swift */ = {isa = PBXFileReference; fileEncoding = 4; lastKnownFileType = sourcecode.swift; path = ImagesViewController.swift; sourceTree = "<group>"; };
		5B3F68C11FE1AEEE00677D1D /* ImageSlotTableViewCell.swift */ = {isa = PBXFileReference; fileEncoding = 4; lastKnownFileType = sourcecode.swift; path = ImageSlotTableViewCell.swift; sourceTree = "<group>"; };
		5B3F68C21FE1AEEE00677D1D /* MynewtViewController.swift */ = {isa = PBXFileReference; fileEncoding = 4; lastKnownFileType = sourcecode.swift; path = MynewtViewController.swift; sourceTree = "<group>"; };
		5B3F68C41FE1AEEE00677D1D /* UartStyle.swift */ = {isa = PBXFileReference; fileEncoding = 4; lastKnownFileType = sourcecode.swift; path = UartStyle.swift; sourceTree = "<group>"; };
		5B3F68C51FE1AEEE00677D1D /* UIImage+Tint.swift */ = {isa = PBXFileReference; fileEncoding = 4; lastKnownFileType = sourcecode.swift; path = "UIImage+Tint.swift"; sourceTree = "<group>"; };
		5B3F68C61FE1AEEE00677D1D /* RssiUI.swift */ = {isa = PBXFileReference; fileEncoding = 4; lastKnownFileType = sourcecode.swift; path = RssiUI.swift; sourceTree = "<group>"; };
		5B3F68C71FE1AEEE00677D1D /* StyledButton.swift */ = {isa = PBXFileReference; fileEncoding = 4; lastKnownFileType = sourcecode.swift; path = StyledButton.swift; sourceTree = "<group>"; };
		5B3F68C81FE1AEEE00677D1D /* StyledSubview.swift */ = {isa = PBXFileReference; fileEncoding = 4; lastKnownFileType = sourcecode.swift; path = StyledSubview.swift; sourceTree = "<group>"; };
		5B3F68C91FE1AEEE00677D1D /* MainNavigationViewController.swift */ = {isa = PBXFileReference; fileEncoding = 4; lastKnownFileType = sourcecode.swift; path = MainNavigationViewController.swift; sourceTree = "<group>"; };
		5B3F68CB1FE1AEEE00677D1D /* PeripheralList.swift */ = {isa = PBXFileReference; fileEncoding = 4; lastKnownFileType = sourcecode.swift; path = PeripheralList.swift; sourceTree = "<group>"; };
		5B3F68CC1FE1AEEE00677D1D /* FilterTextSettingsViewController.swift */ = {isa = PBXFileReference; fileEncoding = 4; lastKnownFileType = sourcecode.swift; path = FilterTextSettingsViewController.swift; sourceTree = "<group>"; };
		5B3F68CD1FE1AEEE00677D1D /* AboutViewController.swift */ = {isa = PBXFileReference; fileEncoding = 4; lastKnownFileType = sourcecode.swift; path = AboutViewController.swift; sourceTree = "<group>"; };
		5B3F68CE1FE1AEEE00677D1D /* PeripheralTableViewCell.swift */ = {isa = PBXFileReference; fileEncoding = 4; lastKnownFileType = sourcecode.swift; path = PeripheralTableViewCell.swift; sourceTree = "<group>"; };
		5B3F68CF1FE1AEEE00677D1D /* ScannerViewController.swift */ = {isa = PBXFileReference; fileEncoding = 4; lastKnownFileType = sourcecode.swift; path = ScannerViewController.swift; sourceTree = "<group>"; };
		5B3F68D11FE1AEEE00677D1D /* UartTimetampTableViewCell.swift */ = {isa = PBXFileReference; fileEncoding = 4; lastKnownFileType = sourcecode.swift; path = UartTimetampTableViewCell.swift; sourceTree = "<group>"; };
		5B3F68D21FE1AEEE00677D1D /* UartBaseViewController.swift */ = {isa = PBXFileReference; fileEncoding = 4; lastKnownFileType = sourcecode.swift; path = UartBaseViewController.swift; sourceTree = "<group>"; };
		5B3F68D31FE1AEEE00677D1D /* UartModeViewController.swift */ = {isa = PBXFileReference; fileEncoding = 4; lastKnownFileType = sourcecode.swift; path = UartModeViewController.swift; sourceTree = "<group>"; };
		5B3F68D41FE1AEEE00677D1D /* UartSettingTableViewCell.swift */ = {isa = PBXFileReference; fileEncoding = 4; lastKnownFileType = sourcecode.swift; path = UartSettingTableViewCell.swift; sourceTree = "<group>"; };
		5B3F68D61FE1AEEE00677D1D /* MqttSettingsValueAndSelector.swift */ = {isa = PBXFileReference; fileEncoding = 4; lastKnownFileType = sourcecode.swift; path = MqttSettingsValueAndSelector.swift; sourceTree = "<group>"; };
		5B3F68D71FE1AEEE00677D1D /* MqttSettingsHeaderCell.swift */ = {isa = PBXFileReference; fileEncoding = 4; lastKnownFileType = sourcecode.swift; path = MqttSettingsHeaderCell.swift; sourceTree = "<group>"; };
		5B3F68D81FE1AEEE00677D1D /* MqttSettingsStatusCell.swift */ = {isa = PBXFileReference; fileEncoding = 4; lastKnownFileType = sourcecode.swift; path = MqttSettingsStatusCell.swift; sourceTree = "<group>"; };
		5B3F68D91FE1AEEE00677D1D /* MqttSettingPickerCell.swift */ = {isa = PBXFileReference; fileEncoding = 4; lastKnownFileType = sourcecode.swift; path = MqttSettingPickerCell.swift; sourceTree = "<group>"; };
		5B3F68DA1FE1AEEE00677D1D /* UartSettingsViewController.swift */ = {isa = PBXFileReference; fileEncoding = 4; lastKnownFileType = sourcecode.swift; path = UartSettingsViewController.swift; sourceTree = "<group>"; };
		5B3F68DC1FE1AEEE00677D1D /* StatsViewController.swift */ = {isa = PBXFileReference; fileEncoding = 4; lastKnownFileType = sourcecode.swift; path = StatsViewController.swift; sourceTree = "<group>"; };
		5B3F68DD1FE1AEEE00677D1D /* StatsDetailViewController.swift */ = {isa = PBXFileReference; fileEncoding = 4; lastKnownFileType = sourcecode.swift; path = StatsDetailViewController.swift; sourceTree = "<group>"; };
		5E1A5BE6A5015BA3D09A721B /* Pods_MynewtManager.framework */ = {isa = PBXFileReference; explicitFileType = wrapper.framework; includeInIndex = 0; path = Pods_MynewtManager.framework; sourceTree = BUILT_PRODUCTS_DIR; };
		9696FE07925F011CADADBD74 /* Pods-MynewtManager.debug.xcconfig */ = {isa = PBXFileReference; includeInIndex = 1; lastKnownFileType = text.xcconfig; name = "Pods-MynewtManager.debug.xcconfig"; path = "Pods/Target Support Files/Pods-MynewtManager/Pods-MynewtManager.debug.xcconfig"; sourceTree = "<group>"; };
		A950EAFE1DB00351005FC305 /* MynewtManager.app */ = {isa = PBXFileReference; explicitFileType = wrapper.application; includeInIndex = 0; path = MynewtManager.app; sourceTree = BUILT_PRODUCTS_DIR; };
		A950EB011DB00351005FC305 /* AppDelegate.swift */ = {isa = PBXFileReference; lastKnownFileType = sourcecode.swift; path = AppDelegate.swift; sourceTree = "<group>"; };
		A950EB061DB00351005FC305 /* Base */ = {isa = PBXFileReference; lastKnownFileType = file.storyboard; name = Base; path = Base.lproj/Main.storyboard; sourceTree = "<group>"; };
		A950EB081DB00351005FC305 /* Assets.xcassets */ = {isa = PBXFileReference; lastKnownFileType = folder.assetcatalog; path = Assets.xcassets; sourceTree = "<group>"; };
		A950EB0B1DB00351005FC305 /* Base */ = {isa = PBXFileReference; lastKnownFileType = file.storyboard; name = Base; path = Base.lproj/LaunchScreen.storyboard; sourceTree = "<group>"; };
		A950EB0D1DB00351005FC305 /* Info.plist */ = {isa = PBXFileReference; lastKnownFileType = text.plist.xml; path = Info.plist; sourceTree = "<group>"; };
		A95CE57E1DB6BB48008C234E /* MynewtManager.entitlements */ = {isa = PBXFileReference; lastKnownFileType = text.plist.entitlements; path = MynewtManager.entitlements; sourceTree = "<group>"; };
		A98F88FC1DEB4FDC00DD8800 /* MynewtManager-Bridging-Header.h */ = {isa = PBXFileReference; lastKnownFileType = sourcecode.c.h; path = "MynewtManager-Bridging-Header.h"; sourceTree = "<group>"; };
		C621014BFEFE0567845CC934 /* Pods-MynewtManager.release.xcconfig */ = {isa = PBXFileReference; includeInIndex = 1; lastKnownFileType = text.xcconfig; name = "Pods-MynewtManager.release.xcconfig"; path = "Pods/Target Support Files/Pods-MynewtManager/Pods-MynewtManager.release.xcconfig"; sourceTree = "<group>"; };
/* End PBXFileReference section */

/* Begin PBXFrameworksBuildPhase section */
		A950EAFB1DB00350005FC305 /* Frameworks */ = {
			isa = PBXFrameworksBuildPhase;
			buildActionMask = 2147483647;
			files = (
				FB7A976849D841A77B1D4BBE /* Pods_MynewtManager.framework in Frameworks */,
			);
			runOnlyForDeploymentPostprocessing = 0;
		};
/* End PBXFrameworksBuildPhase section */

/* Begin PBXGroup section */
		349CE61E6858421EB503E10E /* Frameworks */ = {
			isa = PBXGroup;
			children = (
				5E1A5BE6A5015BA3D09A721B /* Pods_MynewtManager.framework */,
			);
			name = Frameworks;
			sourceTree = "<group>";
		};
		5B3F68821FE1AEEE00677D1D /* AdafruitKit */ = {
			isa = PBXGroup;
			children = (
				5B3F68831FE1AEEE00677D1D /* MyNewt */,
				5B3F68861FE1AEEE00677D1D /* Ble */,
				5B3F68901FE1AEEE00677D1D /* Utils */,
			);
			path = AdafruitKit;
			sourceTree = "<group>";
		};
		5B3F68831FE1AEEE00677D1D /* MyNewt */ = {
			isa = PBXGroup;
			children = (
				5B3F68841FE1AEEE00677D1D /* NewtHandler+Types.swift */,
				5B3F68851FE1AEEE00677D1D /* NewtHandler.swift */,
			);
			path = MyNewt;
			sourceTree = "<group>";
		};
		5B3F68861FE1AEEE00677D1D /* Ble */ = {
			isa = PBXGroup;
			children = (
				5B3F68871FE1AEEE00677D1D /* UartPacketManagerBase.swift */,
				5B3F68881FE1AEEE00677D1D /* BleCentralMode */,
			);
			path = Ble;
			sourceTree = "<group>";
		};
		5B3F68881FE1AEEE00677D1D /* BleCentralMode */ = {
			isa = PBXGroup;
			children = (
				5B3F68891FE1AEEE00677D1D /* BlePeripheral.swift */,
				5B3F688A1FE1AEEE00677D1D /* BleManager.swift */,
				5B3F688B1FE1AEEE00677D1D /* UartLogManager.swift */,
				5B3F688C1FE1AEEE00677D1D /* UartDataManager.swift */,
				5B3F688D1FE1AEEE00677D1D /* UartPacketManager.swift */,
				5B3F688E1FE1AEEE00677D1D /* BlePeripheral+Uart.swift */,
				5B3F688F1FE1AEEE00677D1D /* BlePeripheral+Mynewt.swift */,
			);
			path = BleCentralMode;
			sourceTree = "<group>";
		};
		5B3F68901FE1AEEE00677D1D /* Utils */ = {
			isa = PBXGroup;
			children = (
				5B3F68911FE1AEEE00677D1D /* DataConversions.swift */,
				5B3F68921FE1AEEE00677D1D /* AlertHelper.swift */,
				5B3F68931FE1AEEE00677D1D /* CommandQueue.swift */,
				5B3F68941FE1AEEE00677D1D /* LogHelper.swift */,
				5B3F68951FE1AEEE00677D1D /* KeyboardPositionNotifier.swift */,
				5B3F68961FE1AEEE00677D1D /* Data+ScanValue.swift */,
			);
			path = Utils;
			sourceTree = "<group>";
		};
		5B3F68971FE1AEEE00677D1D /* resources */ = {
			isa = PBXGroup;
			children = (
				5B3F68981FE1AEEE00677D1D /* DefaultPreferences.plist */,
				5B3F68991FE1AEEE00677D1D /* localization */,
			);
			path = resources;
			sourceTree = "<group>";
		};
		5B3F68991FE1AEEE00677D1D /* localization */ = {
			isa = PBXGroup;
			children = (
				5B3F689A1FE1AEEE00677D1D /* Localizable.strings */,
			);
			path = localization;
			sourceTree = "<group>";
		};
		5B3F689C1FE1AEEE00677D1D /* external tools */ = {
			isa = PBXGroup;
			children = (
				5B3F689D1FE1AEEE00677D1D /* NSObject+ENHThrottledReloading */,
			);
			path = "external tools";
			sourceTree = "<group>";
		};
		5B3F689D1FE1AEEE00677D1D /* NSObject+ENHThrottledReloading */ = {
			isa = PBXGroup;
			children = (
				5B3F689E1FE1AEEE00677D1D /* LICENSE */,
				5B3F689F1FE1AEEE00677D1D /* NSObject+ENHThrottledReloading.m */,
				5B3F68A01FE1AEEE00677D1D /* README.md */,
				5B3F68A11FE1AEEE00677D1D /* NSObject+ENHThrottledReloading.h */,
			);
			path = "NSObject+ENHThrottledReloading";
			sourceTree = "<group>";
		};
		5B3F68A21FE1AEEE00677D1D /* utils */ = {
			isa = PBXGroup;
			children = (
				5B3F68A31FE1AEEE00677D1D /* Synchronize.swift */,
				5B3F68A41FE1AEEE00677D1D /* UartDataExport.swift */,
				5B3F68A51FE1AEEE00677D1D /* Preferences.swift */,
				5B3F68A61FE1AEEE00677D1D /* LocalizationManager.swift */,
				5B3F68A71FE1AEEE00677D1D /* CBOR */,
				5B3F68AE1FE1AEEE00677D1D /* UIColor+LighterDarker.swift */,
				5B3F68AF1FE1AEEE00677D1D /* AutoRefresh.swift */,
				5B3F68B01FE1AEEE00677D1D /* DataFormatter.swift */,
				5B3F68B11FE1AEEE00677D1D /* Mqtt */,
			);
			path = utils;
			sourceTree = "<group>";
		};
		5B3F68A71FE1AEEE00677D1D /* CBOR */ = {
			isa = PBXGroup;
			children = (
				5B3F68A81FE1AEEE00677D1D /* CBOREncoder.swift */,
				5B3F68A91FE1AEEE00677D1D /* SwiftCBOR.h */,
				5B3F68AA1FE1AEEE00677D1D /* CBORInputStream.swift */,
				5B3F68AB1FE1AEEE00677D1D /* CBORDecoder.swift */,
				5B3F68AC1FE1AEEE00677D1D /* CBOR.swift */,
				5B3F68AD1FE1AEEE00677D1D /* Util.swift */,
			);
			path = CBOR;
			sourceTree = "<group>";
		};
		5B3F68B11FE1AEEE00677D1D /* Mqtt */ = {
			isa = PBXGroup;
			children = (
				5B3F68B21FE1AEEE00677D1D /* MqttManager.swift */,
				5B3F68B31FE1AEEE00677D1D /* MqttSettings.swift */,
			);
			path = Mqtt;
			sourceTree = "<group>";
		};
		5B3F68B41FE1AEEE00677D1D /* viewcontrollers */ = {
			isa = PBXGroup;
			children = (
				5B3F68B51FE1AEEE00677D1D /* tasks */,
				5B3F68BC1FE1AEEE00677D1D /* DeviceTabBarViewController.swift */,
				5B3F68BD1FE1AEEE00677D1D /* CommandsViewController.swift */,
				5B3F68BE1FE1AEEE00677D1D /* images */,
				5B3F68C21FE1AEEE00677D1D /* MynewtViewController.swift */,
				5B3F68C31FE1AEEE00677D1D /* style */,
				5B3F68C91FE1AEEE00677D1D /* MainNavigationViewController.swift */,
				5B3F68CA1FE1AEEE00677D1D /* scanner */,
				5B3F68D01FE1AEEE00677D1D /* uart */,
				5B3F68DB1FE1AEEE00677D1D /* stats */,
			);
			path = viewcontrollers;
			sourceTree = "<group>";
		};
		5B3F68B51FE1AEEE00677D1D /* tasks */ = {
			isa = PBXGroup;
			children = (
				5B3F68B61FE1AEEE00677D1D /* TasksViewController.swift */,
				5B3F68B71FE1AEEE00677D1D /* RuntimeChartView.swift */,
				5B3F68B81FE1AEEE00677D1D /* StackUsageChartView.swift */,
				5B3F68B91FE1AEEE00677D1D /* TaskViewController.swift */,
				5B3F68BA1FE1AEEE00677D1D /* TasksTableViewCell.swift */,
				5B3F68BB1FE1AEEE00677D1D /* TasksChartViewController.swift */,
			);
			path = tasks;
			sourceTree = "<group>";
		};
		5B3F68BE1FE1AEEE00677D1D /* images */ = {
			isa = PBXGroup;
			children = (
				5B3F68BF1FE1AEEE00677D1D /* UploadProgressViewController.swift */,
				5B3F68C01FE1AEEE00677D1D /* ImagesViewController.swift */,
				5B3F68C11FE1AEEE00677D1D /* ImageSlotTableViewCell.swift */,
			);
			path = images;
			sourceTree = "<group>";
		};
		5B3F68C31FE1AEEE00677D1D /* style */ = {
			isa = PBXGroup;
			children = (
				5B3F68C41FE1AEEE00677D1D /* UartStyle.swift */,
				5B3F68C51FE1AEEE00677D1D /* UIImage+Tint.swift */,
				5B3F68C61FE1AEEE00677D1D /* RssiUI.swift */,
				5B3F68C71FE1AEEE00677D1D /* StyledButton.swift */,
				5B3F68C81FE1AEEE00677D1D /* StyledSubview.swift */,
			);
			path = style;
			sourceTree = "<group>";
		};
		5B3F68CA1FE1AEEE00677D1D /* scanner */ = {
			isa = PBXGroup;
			children = (
				5B3F68CB1FE1AEEE00677D1D /* PeripheralList.swift */,
				5B3F68CC1FE1AEEE00677D1D /* FilterTextSettingsViewController.swift */,
				5B3F68CD1FE1AEEE00677D1D /* AboutViewController.swift */,
				5B3F68CE1FE1AEEE00677D1D /* PeripheralTableViewCell.swift */,
				5B3F68CF1FE1AEEE00677D1D /* ScannerViewController.swift */,
			);
			path = scanner;
			sourceTree = "<group>";
		};
		5B3F68D01FE1AEEE00677D1D /* uart */ = {
			isa = PBXGroup;
			children = (
				5B3F68D11FE1AEEE00677D1D /* UartTimetampTableViewCell.swift */,
				5B3F68D21FE1AEEE00677D1D /* UartBaseViewController.swift */,
				5B3F68D31FE1AEEE00677D1D /* UartModeViewController.swift */,
				5B3F68D41FE1AEEE00677D1D /* UartSettingTableViewCell.swift */,
				5B3F68D51FE1AEEE00677D1D /* Mqtt */,
				5B3F68DA1FE1AEEE00677D1D /* UartSettingsViewController.swift */,
			);
			path = uart;
			sourceTree = "<group>";
		};
		5B3F68D51FE1AEEE00677D1D /* Mqtt */ = {
			isa = PBXGroup;
			children = (
				5B3F68D61FE1AEEE00677D1D /* MqttSettingsValueAndSelector.swift */,
				5B3F68D71FE1AEEE00677D1D /* MqttSettingsHeaderCell.swift */,
				5B3F68D81FE1AEEE00677D1D /* MqttSettingsStatusCell.swift */,
				5B3F68D91FE1AEEE00677D1D /* MqttSettingPickerCell.swift */,
			);
			path = Mqtt;
			sourceTree = "<group>";
		};
		5B3F68DB1FE1AEEE00677D1D /* stats */ = {
			isa = PBXGroup;
			children = (
				5B3F68DC1FE1AEEE00677D1D /* StatsViewController.swift */,
				5B3F68DD1FE1AEEE00677D1D /* StatsDetailViewController.swift */,
			);
			path = stats;
			sourceTree = "<group>";
		};
		90132219166EB96F9E8ADB0C /* Pods */ = {
			isa = PBXGroup;
			children = (
				9696FE07925F011CADADBD74 /* Pods-MynewtManager.debug.xcconfig */,
				C621014BFEFE0567845CC934 /* Pods-MynewtManager.release.xcconfig */,
			);
			name = Pods;
			sourceTree = "<group>";
		};
		A950EAF51DB00350005FC305 = {
			isa = PBXGroup;
			children = (
				A950EB001DB00351005FC305 /* MynewtManager */,
				A950EAFF1DB00351005FC305 /* Products */,
				90132219166EB96F9E8ADB0C /* Pods */,
				349CE61E6858421EB503E10E /* Frameworks */,
			);
			sourceTree = "<group>";
		};
		A950EAFF1DB00351005FC305 /* Products */ = {
			isa = PBXGroup;
			children = (
				A950EAFE1DB00351005FC305 /* MynewtManager.app */,
			);
			name = Products;
			sourceTree = "<group>";
		};
		A950EB001DB00351005FC305 /* MynewtManager */ = {
			isa = PBXGroup;
			children = (
				5B3F68821FE1AEEE00677D1D /* AdafruitKit */,
				5B3F689C1FE1AEEE00677D1D /* external tools */,
				5B3F68971FE1AEEE00677D1D /* resources */,
				5B3F68A21FE1AEEE00677D1D /* utils */,
				5B3F68B41FE1AEEE00677D1D /* viewcontrollers */,
				A9B25F721F43AC7600898C1F /* support files */,
				A950EB011DB00351005FC305 /* AppDelegate.swift */,
				A950EB081DB00351005FC305 /* Assets.xcassets */,
				A950EB0A1DB00351005FC305 /* LaunchScreen.storyboard */,
				A950EB051DB00351005FC305 /* Main.storyboard */,
			);
			path = MynewtManager;
			sourceTree = "<group>";
		};
		A9B25F721F43AC7600898C1F /* support files */ = {
			isa = PBXGroup;
			children = (
				A95CE57E1DB6BB48008C234E /* MynewtManager.entitlements */,
				A950EB0D1DB00351005FC305 /* Info.plist */,
				A98F88FC1DEB4FDC00DD8800 /* MynewtManager-Bridging-Header.h */,
			);
			name = "support files";
			sourceTree = "<group>";
		};
/* End PBXGroup section */

/* Begin PBXNativeTarget section */
		A950EAFD1DB00350005FC305 /* MynewtManager */ = {
			isa = PBXNativeTarget;
			buildConfigurationList = A950EB101DB00351005FC305 /* Build configuration list for PBXNativeTarget "MynewtManager" */;
			buildPhases = (
				678758D4E4C1888BC127D823 /* [CP] Check Pods Manifest.lock */,
				A950EAFA1DB00350005FC305 /* Sources */,
				A950EAFB1DB00350005FC305 /* Frameworks */,
				A950EAFC1DB00350005FC305 /* Resources */,
				E424736BA5ED051523A12972 /* [CP] Embed Pods Frameworks */,
				1C65C2D582431CA6174C6CAF /* [CP] Copy Pods Resources */,
			);
			buildRules = (
			);
			dependencies = (
			);
			name = MynewtManager;
			productName = NewtManager;
			productReference = A950EAFE1DB00351005FC305 /* MynewtManager.app */;
			productType = "com.apple.product-type.application";
		};
/* End PBXNativeTarget section */

/* Begin PBXProject section */
		A950EAF61DB00350005FC305 /* Project object */ = {
			isa = PBXProject;
			attributes = {
				LastSwiftUpdateCheck = 0810;
				LastUpgradeCheck = 0820;
				ORGANIZATIONNAME = Adafruit;
				TargetAttributes = {
					A950EAFD1DB00350005FC305 = {
						CreatedOnToolsVersion = 8.1;
						DevelopmentTeam = 2X94RM7457;
						LastSwiftMigration = 0810;
						ProvisioningStyle = Automatic;
						SystemCapabilities = {
							com.apple.BackgroundModes = {
								enabled = 1;
							};
							com.apple.iCloud = {
								enabled = 1;
							};
						};
					};
				};
			};
			buildConfigurationList = A950EAF91DB00350005FC305 /* Build configuration list for PBXProject "MynewtManager" */;
			compatibilityVersion = "Xcode 3.2";
			developmentRegion = English;
			hasScannedForEncodings = 0;
			knownRegions = (
				en,
				Base,
			);
			mainGroup = A950EAF51DB00350005FC305;
			productRefGroup = A950EAFF1DB00351005FC305 /* Products */;
			projectDirPath = "";
			projectRoot = "";
			targets = (
				A950EAFD1DB00350005FC305 /* MynewtManager */,
			);
		};
/* End PBXProject section */

/* Begin PBXResourcesBuildPhase section */
		A950EAFC1DB00350005FC305 /* Resources */ = {
			isa = PBXResourcesBuildPhase;
			buildActionMask = 2147483647;
			files = (
				5B3F68F01FE1AEEE00677D1D /* LICENSE in Resources */,
				5B3F68EF1FE1AEEE00677D1D /* Localizable.strings in Resources */,
				A950EB0C1DB00351005FC305 /* LaunchScreen.storyboard in Resources */,
				5B3F68F21FE1AEEE00677D1D /* README.md in Resources */,
				5B3F68EE1FE1AEEE00677D1D /* DefaultPreferences.plist in Resources */,
				A950EB091DB00351005FC305 /* Assets.xcassets in Resources */,
				A950EB071DB00351005FC305 /* Main.storyboard in Resources */,
			);
			runOnlyForDeploymentPostprocessing = 0;
		};
/* End PBXResourcesBuildPhase section */

/* Begin PBXShellScriptBuildPhase section */
		1C65C2D582431CA6174C6CAF /* [CP] Copy Pods Resources */ = {
			isa = PBXShellScriptBuildPhase;
			buildActionMask = 2147483647;
			files = (
			);
			inputPaths = (
			);
			name = "[CP] Copy Pods Resources";
			outputPaths = (
			);
			runOnlyForDeploymentPostprocessing = 0;
			shellPath = /bin/sh;
			shellScript = "\"${SRCROOT}/Pods/Target Support Files/Pods-MynewtManager/Pods-MynewtManager-resources.sh\"\n";
			showEnvVarsInLog = 0;
		};
		678758D4E4C1888BC127D823 /* [CP] Check Pods Manifest.lock */ = {
			isa = PBXShellScriptBuildPhase;
			buildActionMask = 2147483647;
			files = (
			);
			inputPaths = (
				"${PODS_PODFILE_DIR_PATH}/Podfile.lock",
				"${PODS_ROOT}/Manifest.lock",
			);
			name = "[CP] Check Pods Manifest.lock";
			outputPaths = (
				"$(DERIVED_FILE_DIR)/Pods-MynewtManager-checkManifestLockResult.txt",
			);
			runOnlyForDeploymentPostprocessing = 0;
			shellPath = /bin/sh;
			shellScript = "diff \"${PODS_PODFILE_DIR_PATH}/Podfile.lock\" \"${PODS_ROOT}/Manifest.lock\" > /dev/null\nif [ $? != 0 ] ; then\n    # print error to STDERR\n    echo \"error: The sandbox is not in sync with the Podfile.lock. Run 'pod install' or update your CocoaPods installation.\" >&2\n    exit 1\nfi\n# This output is used by Xcode 'outputs' to avoid re-running this script phase.\necho \"SUCCESS\" > \"${SCRIPT_OUTPUT_FILE_0}\"\n";
			showEnvVarsInLog = 0;
		};
		E424736BA5ED051523A12972 /* [CP] Embed Pods Frameworks */ = {
			isa = PBXShellScriptBuildPhase;
			buildActionMask = 2147483647;
			files = (
			);
			inputPaths = (
				"${SRCROOT}/Pods/Target Support Files/Pods-MynewtManager/Pods-MynewtManager-frameworks.sh",
				"${BUILT_PRODUCTS_DIR}/Charts/Charts.framework",
				"${BUILT_PRODUCTS_DIR}/MSWeakTimer/MSWeakTimer.framework",
			);
			name = "[CP] Embed Pods Frameworks";
			outputPaths = (
				"${TARGET_BUILD_DIR}/${FRAMEWORKS_FOLDER_PATH}/Charts.framework",
				"${TARGET_BUILD_DIR}/${FRAMEWORKS_FOLDER_PATH}/MSWeakTimer.framework",
			);
			runOnlyForDeploymentPostprocessing = 0;
			shellPath = /bin/sh;
			shellScript = "\"${SRCROOT}/Pods/Target Support Files/Pods-MynewtManager/Pods-MynewtManager-frameworks.sh\"\n";
			showEnvVarsInLog = 0;
		};
/* End PBXShellScriptBuildPhase section */

/* Begin PBXSourcesBuildPhase section */
		A950EAFA1DB00350005FC305 /* Sources */ = {
			isa = PBXSourcesBuildPhase;
			buildActionMask = 2147483647;
			files = (
				5B3F68F61FE1AEEE00677D1D /* LocalizationManager.swift in Sources */,
				5B3F69131FE1AEEF00677D1D /* PeripheralList.swift in Sources */,
				5B3F69091FE1AEEF00677D1D /* UploadProgressViewController.swift in Sources */,
				5B3F68ED1FE1AEEE00677D1D /* Data+ScanValue.swift in Sources */,
				5B3F69011FE1AEEF00677D1D /* TasksViewController.swift in Sources */,
				5B3F68E91FE1AEEE00677D1D /* AlertHelper.swift in Sources */,
				5B3F68EB1FE1AEEE00677D1D /* LogHelper.swift in Sources */,
				5B3F69001FE1AEEF00677D1D /* MqttSettings.swift in Sources */,
				5B3F69211FE1AEEF00677D1D /* StatsViewController.swift in Sources */,
				5B3F68EA1FE1AEEE00677D1D /* CommandQueue.swift in Sources */,
				5B3F690F1FE1AEEF00677D1D /* RssiUI.swift in Sources */,
				5B3F68FD1FE1AEEE00677D1D /* AutoRefresh.swift in Sources */,
				5B3F691A1FE1AEEF00677D1D /* UartModeViewController.swift in Sources */,
				5B3F69081FE1AEEF00677D1D /* CommandsViewController.swift in Sources */,
				5B3F68E01FE1AEEE00677D1D /* UartPacketManagerBase.swift in Sources */,
				5B3F69201FE1AEEF00677D1D /* UartSettingsViewController.swift in Sources */,
				5B3F690D1FE1AEEF00677D1D /* UartStyle.swift in Sources */,
				5B3F68E41FE1AEEE00677D1D /* UartDataManager.swift in Sources */,
				5B3F68F91FE1AEEE00677D1D /* CBORDecoder.swift in Sources */,
				5B3F68DE1FE1AEEE00677D1D /* NewtHandler+Types.swift in Sources */,
				5B3F68FA1FE1AEEE00677D1D /* CBOR.swift in Sources */,
				5B3F68FB1FE1AEEE00677D1D /* Util.swift in Sources */,
				5B3F68E81FE1AEEE00677D1D /* DataConversions.swift in Sources */,
				5B3F68F51FE1AEEE00677D1D /* Preferences.swift in Sources */,
				5B3F68F81FE1AEEE00677D1D /* CBORInputStream.swift in Sources */,
				5B3F69111FE1AEEF00677D1D /* StyledSubview.swift in Sources */,
				5B3F69191FE1AEEF00677D1D /* UartBaseViewController.swift in Sources */,
				5B3F69041FE1AEEF00677D1D /* TaskViewController.swift in Sources */,
				5B3F68F11FE1AEEE00677D1D /* NSObject+ENHThrottledReloading.m in Sources */,
				5B3F69021FE1AEEF00677D1D /* RuntimeChartView.swift in Sources */,
				5B3F691B1FE1AEEF00677D1D /* UartSettingTableViewCell.swift in Sources */,
				5B3F69061FE1AEEF00677D1D /* TasksChartViewController.swift in Sources */,
				5B3F68E61FE1AEEE00677D1D /* BlePeripheral+Uart.swift in Sources */,
				5B3F68E11FE1AEEE00677D1D /* BlePeripheral.swift in Sources */,
				5B3F68FF1FE1AEEF00677D1D /* MqttManager.swift in Sources */,
				5B3F68E71FE1AEEE00677D1D /* BlePeripheral+Mynewt.swift in Sources */,
				5B3F68FC1FE1AEEE00677D1D /* UIColor+LighterDarker.swift in Sources */,
				5B3F69141FE1AEEF00677D1D /* FilterTextSettingsViewController.swift in Sources */,
				5B3F69101FE1AEEF00677D1D /* StyledButton.swift in Sources */,
				5B3F68F31FE1AEEE00677D1D /* Synchronize.swift in Sources */,
				5B3F68DF1FE1AEEE00677D1D /* NewtHandler.swift in Sources */,
				5B3F68E51FE1AEEE00677D1D /* UartPacketManager.swift in Sources */,
				5B3F69121FE1AEEF00677D1D /* MainNavigationViewController.swift in Sources */,
				5B3F69031FE1AEEF00677D1D /* StackUsageChartView.swift in Sources */,
				5B3F68E31FE1AEEE00677D1D /* UartLogManager.swift in Sources */,
				A950EB021DB00351005FC305 /* AppDelegate.swift in Sources */,
				5B3F69161FE1AEEF00677D1D /* PeripheralTableViewCell.swift in Sources */,
				5B3F68E21FE1AEEE00677D1D /* BleManager.swift in Sources */,
				5B3F691F1FE1AEEF00677D1D /* MqttSettingPickerCell.swift in Sources */,
				5B3F69171FE1AEEF00677D1D /* ScannerViewController.swift in Sources */,
				5B3F68FE1FE1AEEE00677D1D /* DataFormatter.swift in Sources */,
				5B3F690C1FE1AEEF00677D1D /* MynewtViewController.swift in Sources */,
				5B3F691C1FE1AEEF00677D1D /* MqttSettingsValueAndSelector.swift in Sources */,
				5B3F691E1FE1AEEF00677D1D /* MqttSettingsStatusCell.swift in Sources */,
				5B3F690E1FE1AEEF00677D1D /* UIImage+Tint.swift in Sources */,
				5B3F690A1FE1AEEF00677D1D /* ImagesViewController.swift in Sources */,
				5B3F68F71FE1AEEE00677D1D /* CBOREncoder.swift in Sources */,
				5B3F69221FE1AEEF00677D1D /* StatsDetailViewController.swift in Sources */,
				5B3F690B1FE1AEEF00677D1D /* ImageSlotTableViewCell.swift in Sources */,
				5B3F69181FE1AEEF00677D1D /* UartTimetampTableViewCell.swift in Sources */,
				5B3F69151FE1AEEF00677D1D /* AboutViewController.swift in Sources */,
				5B3F68EC1FE1AEEE00677D1D /* KeyboardPositionNotifier.swift in Sources */,
				5B3F68F41FE1AEEE00677D1D /* UartDataExport.swift in Sources */,
				5B3F69071FE1AEEF00677D1D /* DeviceTabBarViewController.swift in Sources */,
				5B3F69051FE1AEEF00677D1D /* TasksTableViewCell.swift in Sources */,
				5B3F691D1FE1AEEF00677D1D /* MqttSettingsHeaderCell.swift in Sources */,
			);
			runOnlyForDeploymentPostprocessing = 0;
		};
/* End PBXSourcesBuildPhase section */

/* Begin PBXVariantGroup section */
		5B3F689A1FE1AEEE00677D1D /* Localizable.strings */ = {
			isa = PBXVariantGroup;
			children = (
				5B3F689B1FE1AEEE00677D1D /* en */,
			);
			name = Localizable.strings;
			sourceTree = "<group>";
		};
		A950EB051DB00351005FC305 /* Main.storyboard */ = {
			isa = PBXVariantGroup;
			children = (
				A950EB061DB00351005FC305 /* Base */,
			);
			name = Main.storyboard;
			sourceTree = "<group>";
		};
		A950EB0A1DB00351005FC305 /* LaunchScreen.storyboard */ = {
			isa = PBXVariantGroup;
			children = (
				A950EB0B1DB00351005FC305 /* Base */,
			);
			name = LaunchScreen.storyboard;
			sourceTree = "<group>";
		};
/* End PBXVariantGroup section */

/* Begin XCBuildConfiguration section */
		A950EB0E1DB00351005FC305 /* Debug */ = {
			isa = XCBuildConfiguration;
			buildSettings = {
				ALWAYS_SEARCH_USER_PATHS = NO;
				CLANG_ANALYZER_NONNULL = YES;
				CLANG_CXX_LANGUAGE_STANDARD = "gnu++0x";
				CLANG_CXX_LIBRARY = "libc++";
				CLANG_ENABLE_MODULES = YES;
				CLANG_ENABLE_OBJC_ARC = YES;
				CLANG_WARN_BOOL_CONVERSION = YES;
				CLANG_WARN_CONSTANT_CONVERSION = YES;
				CLANG_WARN_DIRECT_OBJC_ISA_USAGE = YES_ERROR;
				CLANG_WARN_DOCUMENTATION_COMMENTS = YES;
				CLANG_WARN_EMPTY_BODY = YES;
				CLANG_WARN_ENUM_CONVERSION = YES;
				CLANG_WARN_INFINITE_RECURSION = YES;
				CLANG_WARN_INT_CONVERSION = YES;
				CLANG_WARN_OBJC_ROOT_CLASS = YES_ERROR;
				CLANG_WARN_SUSPICIOUS_MOVE = YES;
				CLANG_WARN_SUSPICIOUS_MOVES = YES;
				CLANG_WARN_UNREACHABLE_CODE = YES;
				CLANG_WARN__DUPLICATE_METHOD_MATCH = YES;
				"CODE_SIGN_IDENTITY[sdk=iphoneos*]" = "iPhone Developer";
				COPY_PHASE_STRIP = NO;
				DEBUG_INFORMATION_FORMAT = dwarf;
				ENABLE_STRICT_OBJC_MSGSEND = YES;
				ENABLE_TESTABILITY = YES;
				GCC_C_LANGUAGE_STANDARD = gnu99;
				GCC_DYNAMIC_NO_PIC = NO;
				GCC_NO_COMMON_BLOCKS = YES;
				GCC_OPTIMIZATION_LEVEL = 0;
				GCC_PREPROCESSOR_DEFINITIONS = (
					"DEBUG=1",
					"$(inherited)",
				);
				GCC_WARN_64_TO_32_BIT_CONVERSION = YES;
				GCC_WARN_ABOUT_RETURN_TYPE = YES_ERROR;
				GCC_WARN_UNDECLARED_SELECTOR = YES;
				GCC_WARN_UNINITIALIZED_AUTOS = YES_AGGRESSIVE;
				GCC_WARN_UNUSED_FUNCTION = YES;
				GCC_WARN_UNUSED_VARIABLE = YES;
				IPHONEOS_DEPLOYMENT_TARGET = 10.1;
				MTL_ENABLE_DEBUG_INFO = YES;
				ONLY_ACTIVE_ARCH = YES;
				SDKROOT = iphoneos;
				SWIFT_ACTIVE_COMPILATION_CONDITIONS = DEBUG;
				SWIFT_OPTIMIZATION_LEVEL = "-Onone";
			};
			name = Debug;
		};
		A950EB0F1DB00351005FC305 /* Release */ = {
			isa = XCBuildConfiguration;
			buildSettings = {
				ALWAYS_SEARCH_USER_PATHS = NO;
				CLANG_ANALYZER_NONNULL = YES;
				CLANG_CXX_LANGUAGE_STANDARD = "gnu++0x";
				CLANG_CXX_LIBRARY = "libc++";
				CLANG_ENABLE_MODULES = YES;
				CLANG_ENABLE_OBJC_ARC = YES;
				CLANG_WARN_BOOL_CONVERSION = YES;
				CLANG_WARN_CONSTANT_CONVERSION = YES;
				CLANG_WARN_DIRECT_OBJC_ISA_USAGE = YES_ERROR;
				CLANG_WARN_DOCUMENTATION_COMMENTS = YES;
				CLANG_WARN_EMPTY_BODY = YES;
				CLANG_WARN_ENUM_CONVERSION = YES;
				CLANG_WARN_INFINITE_RECURSION = YES;
				CLANG_WARN_INT_CONVERSION = YES;
				CLANG_WARN_OBJC_ROOT_CLASS = YES_ERROR;
				CLANG_WARN_SUSPICIOUS_MOVE = YES;
				CLANG_WARN_SUSPICIOUS_MOVES = YES;
				CLANG_WARN_UNREACHABLE_CODE = YES;
				CLANG_WARN__DUPLICATE_METHOD_MATCH = YES;
				"CODE_SIGN_IDENTITY[sdk=iphoneos*]" = "iPhone Developer";
				COPY_PHASE_STRIP = NO;
				DEBUG_INFORMATION_FORMAT = "dwarf-with-dsym";
				ENABLE_NS_ASSERTIONS = NO;
				ENABLE_STRICT_OBJC_MSGSEND = YES;
				GCC_C_LANGUAGE_STANDARD = gnu99;
				GCC_NO_COMMON_BLOCKS = YES;
				GCC_WARN_64_TO_32_BIT_CONVERSION = YES;
				GCC_WARN_ABOUT_RETURN_TYPE = YES_ERROR;
				GCC_WARN_UNDECLARED_SELECTOR = YES;
				GCC_WARN_UNINITIALIZED_AUTOS = YES_AGGRESSIVE;
				GCC_WARN_UNUSED_FUNCTION = YES;
				GCC_WARN_UNUSED_VARIABLE = YES;
				IPHONEOS_DEPLOYMENT_TARGET = 10.1;
				MTL_ENABLE_DEBUG_INFO = NO;
				SDKROOT = iphoneos;
				SWIFT_OPTIMIZATION_LEVEL = "-Owholemodule";
				VALIDATE_PRODUCT = YES;
			};
			name = Release;
		};
		A950EB111DB00351005FC305 /* Debug */ = {
			isa = XCBuildConfiguration;
			baseConfigurationReference = 9696FE07925F011CADADBD74 /* Pods-MynewtManager.debug.xcconfig */;
			buildSettings = {
				ASSETCATALOG_COMPILER_APPICON_NAME = AppIcon;
				CLANG_ENABLE_MODULES = YES;
				CODE_SIGN_ENTITLEMENTS = MynewtManager/MynewtManager.entitlements;
				DEVELOPMENT_TEAM = 2X94RM7457;
				INFOPLIST_FILE = MynewtManager/Info.plist;
				IPHONEOS_DEPLOYMENT_TARGET = 9.3;
				LD_RUNPATH_SEARCH_PATHS = "$(inherited) @executable_path/Frameworks";
				PRODUCT_BUNDLE_IDENTIFIER = com.adafruit.MynewtManager;
				PRODUCT_NAME = "$(TARGET_NAME)";
				SWIFT_OBJC_BRIDGING_HEADER = "MynewtManager/MynewtManager-Bridging-Header.h";
				SWIFT_OPTIMIZATION_LEVEL = "-Onone";
				SWIFT_VERSION = 3.0.1;
			};
			name = Debug;
		};
		A950EB121DB00351005FC305 /* Release */ = {
			isa = XCBuildConfiguration;
			baseConfigurationReference = C621014BFEFE0567845CC934 /* Pods-MynewtManager.release.xcconfig */;
			buildSettings = {
				ASSETCATALOG_COMPILER_APPICON_NAME = AppIcon;
				CLANG_ENABLE_MODULES = YES;
				CODE_SIGN_ENTITLEMENTS = MynewtManager/MynewtManager.entitlements;
				DEVELOPMENT_TEAM = 2X94RM7457;
				INFOPLIST_FILE = MynewtManager/Info.plist;
				IPHONEOS_DEPLOYMENT_TARGET = 9.3;
				LD_RUNPATH_SEARCH_PATHS = "$(inherited) @executable_path/Frameworks";
				PRODUCT_BUNDLE_IDENTIFIER = com.adafruit.MynewtManager;
				PRODUCT_NAME = "$(TARGET_NAME)";
				SWIFT_OBJC_BRIDGING_HEADER = "MynewtManager/MynewtManager-Bridging-Header.h";
				SWIFT_VERSION = 3.0.1;
			};
			name = Release;
		};
/* End XCBuildConfiguration section */

/* Begin XCConfigurationList section */
		A950EAF91DB00350005FC305 /* Build configuration list for PBXProject "MynewtManager" */ = {
			isa = XCConfigurationList;
			buildConfigurations = (
				A950EB0E1DB00351005FC305 /* Debug */,
				A950EB0F1DB00351005FC305 /* Release */,
			);
			defaultConfigurationIsVisible = 0;
			defaultConfigurationName = Release;
		};
		A950EB101DB00351005FC305 /* Build configuration list for PBXNativeTarget "MynewtManager" */ = {
			isa = XCConfigurationList;
			buildConfigurations = (
				A950EB111DB00351005FC305 /* Debug */,
				A950EB121DB00351005FC305 /* Release */,
			);
			defaultConfigurationIsVisible = 0;
			defaultConfigurationName = Release;
		};
/* End XCConfigurationList section */
	};
	rootObject = A950EAF61DB00350005FC305 /* Project object */;
}
